
Microsoft Visual Studio Solution File, Format Version 12.00
# Visual Studio Version 16
VisualStudioVersion = 16.0.31321.278
MinimumVisualStudioVersion = 10.0.40219.1
Project("{8BC9CEB8-8B4A-11D0-8D11-00A0C91BC942}") = "01 封装", "01 封装\01 封装.vcxproj", "{24810E16-F3FC-4723-8A7F-EA306955FF6C}"
EndProject
Project("{8BC9CEB8-8B4A-11D0-8D11-00A0C91BC942}") = "02 封装案例", "02 封装案例\02 封装案例.vcxproj", "{3FC2BA0F-26A7-4800-8EAF-B0A13F235655}"
EndProject
Project("{8BC9CEB8-8B4A-11D0-8D11-00A0C91BC942}") = "03 封装的访问权限", "03 封装的访问权限\03 封装的访问权限.vcxproj", "{1F564E69-A726-4640-9743-34C227D50674}"
EndProject
Project("{8BC9CEB8-8B4A-11D0-8D11-00A0C91BC942}") = "04 struct和class区别", "04 struct和class区别\04 struct和class区别.vcxproj", "{FBE6C07A-113B-431A-9749-57FBA51D441E}"
EndProject
Project("{8BC9CEB8-8B4A-11D0-8D11-00A0C91BC942}") = "05 成员属性私有化", "05 成员属性私有化\05 成员属性私有化.vcxproj", "{D2CB690D-F3F0-4A2E-8760-5EE7D25AF8AC}"
EndProject
Project("{8BC9CEB8-8B4A-11D0-8D11-00A0C91BC942}") = "06 封装案例-立方体类", "06 封装案例-立方体类\06 封装案例-立方体类.vcxproj", "{A89A8F73-0658-41C2-937E-6820511E3346}"
EndProject
Project("{8BC9CEB8-8B4A-11D0-8D11-00A0C91BC942}") = "07 封装案例-点和圆关系", "07 封装案例-点和圆关系\07 封装案例-点和圆关系.vcxproj", "{A17A0DF8-BF6A-42CC-B1A2-119385EF1EEE}"
EndProject
Project("{8BC9CEB8-8B4A-11D0-8D11-00A0C91BC942}") = "08 构造函数和析构函数", "08 构造函数和析构函数\08 构造函数和析构函数.vcxproj", "{A9B61A8F-29A8-47B4-B544-F37CDB5CC1FD}"
EndProject
Project("{8BC9CEB8-8B4A-11D0-8D11-00A0C91BC942}") = "09 构造函数分类及调用", "09 构造函数分类及调用\09 构造函数分类及调用.vcxproj", "{B0DB7615-8E50-4BD5-8B09-FAC77AB1D6A7}"
EndProject
Project("{8BC9CEB8-8B4A-11D0-8D11-00A0C91BC942}") = "10 拷贝构造函数调用时机", "10 拷贝构造函数调用时机\10 拷贝构造函数调用时机.vcxproj", "{AF7F7E53-E92D-4F1D-95E3-71F43E5D03AF}"
EndProject
Project("{8BC9CEB8-8B4A-11D0-8D11-00A0C91BC942}") = "11 构造函数调用规则", "11 构造函数调用规则\11 构造函数调用规则.vcxproj", "{BC96174E-D270-422D-8F18-78863F451365}"
EndProject
Project("{8BC9CEB8-8B4A-11D0-8D11-00A0C91BC942}") = "12 深拷贝与浅拷贝", "12 深拷贝与浅拷贝\12 深拷贝与浅拷贝.vcxproj", "{371C6FC8-B2B6-4A78-BACE-186F5870E145}"
EndProject
Project("{8BC9CEB8-8B4A-11D0-8D11-00A0C91BC942}") = "13 初始化列表", "13 初始化列表\13 初始化列表.vcxproj", "{1A7411FD-0EE0-474C-AF65-1BC82F3E4981}"
EndProject
Project("{8BC9CEB8-8B4A-11D0-8D11-00A0C91BC942}") = "14 类对象作为类成员", "14 类对象作为类成员\14 类对象作为类成员.vcxproj", "{7F6B3E49-7A48-4638-8297-962A900B6787}"
EndProject
Project("{8BC9CEB8-8B4A-11D0-8D11-00A0C91BC942}") = "16 静态成员函数", "15 静态成员函数\15 静态成员函数.vcxproj", "{205C490F-0DEF-4917-AEB0-E4222E23A6B9}"
EndProject
Project("{8BC9CEB8-8B4A-11D0-8D11-00A0C91BC942}") = "15 静态成员变量", "15 静态成员变量\15 静态成员变量.vcxproj", "{A9400EF6-31C5-4714-8907-F3060F19290A}"
EndProject
Project("{8BC9CEB8-8B4A-11D0-8D11-00A0C91BC942}") = "17 成员变量和成员函数分开存储", "17 成员变量和成员函数分开存储\17 成员变量和成员函数分开存储.vcxproj", "{9A3DA096-3628-47E3-AF92-AC6BC3EA0B80}"
EndProject
Project("{8BC9CEB8-8B4A-11D0-8D11-00A0C91BC942}") = "18 this指针的用途", "18 this指针的用途\18 this指针的用途.vcxproj", "{7124D240-8590-4F08-BFE8-1A461222545F}"
EndProject
Project("{8BC9CEB8-8B4A-11D0-8D11-00A0C91BC942}") = "19 空指针访问成员函数", "19 空指针访问成员函数\19 空指针访问成员函数.vcxproj", "{BBD0D273-6FD8-4E53-97B7-BD4C9CD0E929}"
EndProject
Project("{8BC9CEB8-8B4A-11D0-8D11-00A0C91BC942}") = "20 const修饰成员函数", "20 const修饰成员函数\20 const修饰成员函数.vcxproj", "{CCF9EC6F-6E53-4975-AE53-D772CA731581}"
EndProject
Project("{8BC9CEB8-8B4A-11D0-8D11-00A0C91BC942}") = "21 全局函数做友元", "21 全局函数做友元\21 全局函数做友元.vcxproj", "{B7805639-2FF1-4A6F-831B-78A697165DCC}"
EndProject
Project("{8BC9CEB8-8B4A-11D0-8D11-00A0C91BC942}") = "22 类做友元", "22 类做友元\22 类做友元.vcxproj", "{ADCF5DBD-D05E-4A1E-A6BF-9E170135945D}"
EndProject
Project("{8BC9CEB8-8B4A-11D0-8D11-00A0C91BC942}") = "23 成员函数做友元", "23 成员函数做友元\23 成员函数做友元.vcxproj", "{23F5B246-07F8-4125-B6E7-C71CA10B386B}"
EndProject
Project("{8BC9CEB8-8B4A-11D0-8D11-00A0C91BC942}") = "24 加号运算符重载", "24 加号运算符重载\24 加号运算符重载.vcxproj", "{D1FB62AB-3B62-4321-96AB-62053841C879}"
EndProject
Project("{8BC9CEB8-8B4A-11D0-8D11-00A0C91BC942}") = "25 左移运算符重载", "25 左移运算符重载\25 左移运算符重载.vcxproj", "{5068EF62-5A41-49E4-AEAA-8AB44BB396B5}"
EndProject
Project("{8BC9CEB8-8B4A-11D0-8D11-00A0C91BC942}") = "26 递增运算符重载", "26 递增运算符重载\26 递增运算符重载.vcxproj", "{5E926BFF-A3A1-47EA-90E7-A23ACE899764}"
EndProject
Project("{8BC9CEB8-8B4A-11D0-8D11-00A0C91BC942}") = "27 赋值运算符重载", "27 赋值运算符重载\27 赋值运算符重载.vcxproj", "{B89BC36E-EAC1-4BB7-83F9-53D20C908057}"
EndProject
Project("{8BC9CEB8-8B4A-11D0-8D11-00A0C91BC942}") = "28 关系运算符重载", "28 关系运算符重载\28 关系运算符重载.vcxproj", "{4722D9E0-4640-4241-A69A-4DA82A6BC7B9}"
EndProject
Project("{8BC9CEB8-8B4A-11D0-8D11-00A0C91BC942}") = "29 函数调用运算符重载", "29 函数调用运算符重载\29 函数调用运算符重载.vcxproj", "{F2A55A0A-EBA1-49B0-B0F6-8FE2862AFDD3}"
EndProject
Project("{8BC9CEB8-8B4A-11D0-8D11-00A0C91BC942}") = "30 继承的基本语法", "30 继承的基本语法\30 继承的基本语法.vcxproj", "{52896094-69C9-4D65-90A6-088C6795341A}"
EndProject
Project("{8BC9CEB8-8B4A-11D0-8D11-00A0C91BC942}") = "31 继承方式", "31 继承方式\31 继承方式.vcxproj", "{EF6DD09B-21FE-4FDD-88C0-5C539D76EEDE}"
EndProject
Project("{8BC9CEB8-8B4A-11D0-8D11-00A0C91BC942}") = "32 继承中的对象模型", "32 继承中的对象模型\32 继承中的对象模型.vcxproj", "{08812508-832D-4FFB-8442-D35665A5DA0E}"
EndProject
Project("{8BC9CEB8-8B4A-11D0-8D11-00A0C91BC942}") = "33 继承中构造和析构顺序", "33 继承中构造和析构顺序\33 继承中构造和析构顺序.vcxproj", "{25C41A63-B943-447D-9A24-38F7FCC6C49E}"
EndProject
Project("{8BC9CEB8-8B4A-11D0-8D11-00A0C91BC942}") = "34 继承同名成员处理方式", "34 继承同名成员处理方式\34 继承同名成员处理方式.vcxproj", "{CCC423BD-ECE0-4391-9A67-3D0438231847}"
EndProject
Project("{8BC9CEB8-8B4A-11D0-8D11-00A0C91BC942}") = "35 继承同名静态成员处理方式", "35 继承同名静态成员处理方式\35 继承同名静态成员处理方式.vcxproj", "{3FB7DE45-B4A5-408A-B617-BD7D47611C54}"
EndProject
Project("{8BC9CEB8-8B4A-11D0-8D11-00A0C91BC942}") = "36 多继承语法", "36 多继承语法\36 多继承语法.vcxproj", "{9496BB69-95B7-4F7A-B3BF-6A6A225C46C1}"
EndProject
Project("{8BC9CEB8-8B4A-11D0-8D11-00A0C91BC942}") = "37 菱形继承", "37 菱形继承\37 菱形继承.vcxproj", "{182C0F37-9534-48E4-8964-BC902950ED47}"
EndProject
Project("{8BC9CEB8-8B4A-11D0-8D11-00A0C91BC942}") = "38 多态", "38 多态\38 多态.vcxproj", "{53F4314F-902E-46E8-9EBF-63768CE6375E}"
EndProject
Project("{8BC9CEB8-8B4A-11D0-8D11-00A0C91BC942}") = "39 多态案例-计算器类", "39 多态案例-计算器类\39 多态案例-计算器类.vcxproj", "{3B521D8D-F8D6-4ABA-8D7E-96AC5A4F8231}"
EndProject
Project("{8BC9CEB8-8B4A-11D0-8D11-00A0C91BC942}") = "40 纯虚函数和抽象类", "40 纯虚函数和抽象类\40 纯虚函数和抽象类.vcxproj", "{04C28D3D-DE65-4744-97A3-EC438887278B}"
EndProject
Project("{8BC9CEB8-8B4A-11D0-8D11-00A0C91BC942}") = "41 多态案例-制作饮品", "41 多态案例-制作饮品\41 多态案例-制作饮品.vcxproj", "{B5120D9B-6A90-4DDB-9C67-F2BD6FD0DDB9}"
EndProject
Project("{8BC9CEB8-8B4A-11D0-8D11-00A0C91BC942}") = "42 虚析构和纯虚析构", "42 虚析构和纯虚析构\42 虚析构和纯虚析构.vcxproj", "{61CEF6B0-C5B9-4238-96BE-8D22474E259E}"
EndProject
Project("{8BC9CEB8-8B4A-11D0-8D11-00A0C91BC942}") = "43 多态案例-电脑组装", "43 多态案例-电脑组装\43 多态案例-电脑组装.vcxproj", "{5486A307-BFC7-4519-A349-6C9F8EDAC69A}"
EndProject
Global
	GlobalSection(SolutionConfigurationPlatforms) = preSolution
		Debug|x64 = Debug|x64
		Debug|x86 = Debug|x86
		Release|x64 = Release|x64
		Release|x86 = Release|x86
	EndGlobalSection
	GlobalSection(ProjectConfigurationPlatforms) = postSolution
		{24810E16-F3FC-4723-8A7F-EA306955FF6C}.Debug|x64.ActiveCfg = Debug|x64
		{24810E16-F3FC-4723-8A7F-EA306955FF6C}.Debug|x64.Build.0 = Debug|x64
		{24810E16-F3FC-4723-8A7F-EA306955FF6C}.Debug|x86.ActiveCfg = Debug|Win32
		{24810E16-F3FC-4723-8A7F-EA306955FF6C}.Debug|x86.Build.0 = Debug|Win32
		{24810E16-F3FC-4723-8A7F-EA306955FF6C}.Release|x64.ActiveCfg = Release|x64
		{24810E16-F3FC-4723-8A7F-EA306955FF6C}.Release|x64.Build.0 = Release|x64
		{24810E16-F3FC-4723-8A7F-EA306955FF6C}.Release|x86.ActiveCfg = Release|Win32
		{24810E16-F3FC-4723-8A7F-EA306955FF6C}.Release|x86.Build.0 = Release|Win32
		{3FC2BA0F-26A7-4800-8EAF-B0A13F235655}.Debug|x64.ActiveCfg = Debug|x64
		{3FC2BA0F-26A7-4800-8EAF-B0A13F235655}.Debug|x64.Build.0 = Debug|x64
		{3FC2BA0F-26A7-4800-8EAF-B0A13F235655}.Debug|x86.ActiveCfg = Debug|Win32
		{3FC2BA0F-26A7-4800-8EAF-B0A13F235655}.Debug|x86.Build.0 = Debug|Win32
		{3FC2BA0F-26A7-4800-8EAF-B0A13F235655}.Release|x64.ActiveCfg = Release|x64
		{3FC2BA0F-26A7-4800-8EAF-B0A13F235655}.Release|x64.Build.0 = Release|x64
		{3FC2BA0F-26A7-4800-8EAF-B0A13F235655}.Release|x86.ActiveCfg = Release|Win32
		{3FC2BA0F-26A7-4800-8EAF-B0A13F235655}.Release|x86.Build.0 = Release|Win32
		{1F564E69-A726-4640-9743-34C227D50674}.Debug|x64.ActiveCfg = Debug|x64
		{1F564E69-A726-4640-9743-34C227D50674}.Debug|x64.Build.0 = Debug|x64
		{1F564E69-A726-4640-9743-34C227D50674}.Debug|x86.ActiveCfg = Debug|Win32
		{1F564E69-A726-4640-9743-34C227D50674}.Debug|x86.Build.0 = Debug|Win32
		{1F564E69-A726-4640-9743-34C227D50674}.Release|x64.ActiveCfg = Release|x64
		{1F564E69-A726-4640-9743-34C227D50674}.Release|x64.Build.0 = Release|x64
		{1F564E69-A726-4640-9743-34C227D50674}.Release|x86.ActiveCfg = Release|Win32
		{1F564E69-A726-4640-9743-34C227D50674}.Release|x86.Build.0 = Release|Win32
		{FBE6C07A-113B-431A-9749-57FBA51D441E}.Debug|x64.ActiveCfg = Debug|x64
		{FBE6C07A-113B-431A-9749-57FBA51D441E}.Debug|x64.Build.0 = Debug|x64
		{FBE6C07A-113B-431A-9749-57FBA51D441E}.Debug|x86.ActiveCfg = Debug|Win32
		{FBE6C07A-113B-431A-9749-57FBA51D441E}.Debug|x86.Build.0 = Debug|Win32
		{FBE6C07A-113B-431A-9749-57FBA51D441E}.Release|x64.ActiveCfg = Release|x64
		{FBE6C07A-113B-431A-9749-57FBA51D441E}.Release|x64.Build.0 = Release|x64
		{FBE6C07A-113B-431A-9749-57FBA51D441E}.Release|x86.ActiveCfg = Release|Win32
		{FBE6C07A-113B-431A-9749-57FBA51D441E}.Release|x86.Build.0 = Release|Win32
		{D2CB690D-F3F0-4A2E-8760-5EE7D25AF8AC}.Debug|x64.ActiveCfg = Debug|x64
		{D2CB690D-F3F0-4A2E-8760-5EE7D25AF8AC}.Debug|x64.Build.0 = Debug|x64
		{D2CB690D-F3F0-4A2E-8760-5EE7D25AF8AC}.Debug|x86.ActiveCfg = Debug|Win32
		{D2CB690D-F3F0-4A2E-8760-5EE7D25AF8AC}.Debug|x86.Build.0 = Debug|Win32
		{D2CB690D-F3F0-4A2E-8760-5EE7D25AF8AC}.Release|x64.ActiveCfg = Release|x64
		{D2CB690D-F3F0-4A2E-8760-5EE7D25AF8AC}.Release|x64.Build.0 = Release|x64
		{D2CB690D-F3F0-4A2E-8760-5EE7D25AF8AC}.Release|x86.ActiveCfg = Release|Win32
		{D2CB690D-F3F0-4A2E-8760-5EE7D25AF8AC}.Release|x86.Build.0 = Release|Win32
		{A89A8F73-0658-41C2-937E-6820511E3346}.Debug|x64.ActiveCfg = Debug|x64
		{A89A8F73-0658-41C2-937E-6820511E3346}.Debug|x64.Build.0 = Debug|x64
		{A89A8F73-0658-41C2-937E-6820511E3346}.Debug|x86.ActiveCfg = Debug|Win32
		{A89A8F73-0658-41C2-937E-6820511E3346}.Debug|x86.Build.0 = Debug|Win32
		{A89A8F73-0658-41C2-937E-6820511E3346}.Release|x64.ActiveCfg = Release|x64
		{A89A8F73-0658-41C2-937E-6820511E3346}.Release|x64.Build.0 = Release|x64
		{A89A8F73-0658-41C2-937E-6820511E3346}.Release|x86.ActiveCfg = Release|Win32
		{A89A8F73-0658-41C2-937E-6820511E3346}.Release|x86.Build.0 = Release|Win32
		{A17A0DF8-BF6A-42CC-B1A2-119385EF1EEE}.Debug|x64.ActiveCfg = Debug|x64
		{A17A0DF8-BF6A-42CC-B1A2-119385EF1EEE}.Debug|x64.Build.0 = Debug|x64
		{A17A0DF8-BF6A-42CC-B1A2-119385EF1EEE}.Debug|x86.ActiveCfg = Debug|Win32
		{A17A0DF8-BF6A-42CC-B1A2-119385EF1EEE}.Debug|x86.Build.0 = Debug|Win32
		{A17A0DF8-BF6A-42CC-B1A2-119385EF1EEE}.Release|x64.ActiveCfg = Release|x64
		{A17A0DF8-BF6A-42CC-B1A2-119385EF1EEE}.Release|x64.Build.0 = Release|x64
		{A17A0DF8-BF6A-42CC-B1A2-119385EF1EEE}.Release|x86.ActiveCfg = Release|Win32
		{A17A0DF8-BF6A-42CC-B1A2-119385EF1EEE}.Release|x86.Build.0 = Release|Win32
		{A9B61A8F-29A8-47B4-B544-F37CDB5CC1FD}.Debug|x64.ActiveCfg = Debug|x64
		{A9B61A8F-29A8-47B4-B544-F37CDB5CC1FD}.Debug|x64.Build.0 = Debug|x64
		{A9B61A8F-29A8-47B4-B544-F37CDB5CC1FD}.Debug|x86.ActiveCfg = Debug|Win32
		{A9B61A8F-29A8-47B4-B544-F37CDB5CC1FD}.Debug|x86.Build.0 = Debug|Win32
		{A9B61A8F-29A8-47B4-B544-F37CDB5CC1FD}.Release|x64.ActiveCfg = Release|x64
		{A9B61A8F-29A8-47B4-B544-F37CDB5CC1FD}.Release|x64.Build.0 = Release|x64
		{A9B61A8F-29A8-47B4-B544-F37CDB5CC1FD}.Release|x86.ActiveCfg = Release|Win32
		{A9B61A8F-29A8-47B4-B544-F37CDB5CC1FD}.Release|x86.Build.0 = Release|Win32
		{B0DB7615-8E50-4BD5-8B09-FAC77AB1D6A7}.Debug|x64.ActiveCfg = Debug|x64
		{B0DB7615-8E50-4BD5-8B09-FAC77AB1D6A7}.Debug|x64.Build.0 = Debug|x64
		{B0DB7615-8E50-4BD5-8B09-FAC77AB1D6A7}.Debug|x86.ActiveCfg = Debug|Win32
		{B0DB7615-8E50-4BD5-8B09-FAC77AB1D6A7}.Debug|x86.Build.0 = Debug|Win32
		{B0DB7615-8E50-4BD5-8B09-FAC77AB1D6A7}.Release|x64.ActiveCfg = Release|x64
		{B0DB7615-8E50-4BD5-8B09-FAC77AB1D6A7}.Release|x64.Build.0 = Release|x64
		{B0DB7615-8E50-4BD5-8B09-FAC77AB1D6A7}.Release|x86.ActiveCfg = Release|Win32
		{B0DB7615-8E50-4BD5-8B09-FAC77AB1D6A7}.Release|x86.Build.0 = Release|Win32
		{AF7F7E53-E92D-4F1D-95E3-71F43E5D03AF}.Debug|x64.ActiveCfg = Debug|x64
		{AF7F7E53-E92D-4F1D-95E3-71F43E5D03AF}.Debug|x64.Build.0 = Debug|x64
		{AF7F7E53-E92D-4F1D-95E3-71F43E5D03AF}.Debug|x86.ActiveCfg = Debug|Win32
		{AF7F7E53-E92D-4F1D-95E3-71F43E5D03AF}.Debug|x86.Build.0 = Debug|Win32
		{AF7F7E53-E92D-4F1D-95E3-71F43E5D03AF}.Release|x64.ActiveCfg = Release|x64
		{AF7F7E53-E92D-4F1D-95E3-71F43E5D03AF}.Release|x64.Build.0 = Release|x64
		{AF7F7E53-E92D-4F1D-95E3-71F43E5D03AF}.Release|x86.ActiveCfg = Release|Win32
		{AF7F7E53-E92D-4F1D-95E3-71F43E5D03AF}.Release|x86.Build.0 = Release|Win32
		{BC96174E-D270-422D-8F18-78863F451365}.Debug|x64.ActiveCfg = Debug|x64
		{BC96174E-D270-422D-8F18-78863F451365}.Debug|x64.Build.0 = Debug|x64
		{BC96174E-D270-422D-8F18-78863F451365}.Debug|x86.ActiveCfg = Debug|Win32
		{BC96174E-D270-422D-8F18-78863F451365}.Debug|x86.Build.0 = Debug|Win32
		{BC96174E-D270-422D-8F18-78863F451365}.Release|x64.ActiveCfg = Release|x64
		{BC96174E-D270-422D-8F18-78863F451365}.Release|x64.Build.0 = Release|x64
		{BC96174E-D270-422D-8F18-78863F451365}.Release|x86.ActiveCfg = Release|Win32
		{BC96174E-D270-422D-8F18-78863F451365}.Release|x86.Build.0 = Release|Win32
		{371C6FC8-B2B6-4A78-BACE-186F5870E145}.Debug|x64.ActiveCfg = Debug|x64
		{371C6FC8-B2B6-4A78-BACE-186F5870E145}.Debug|x64.Build.0 = Debug|x64
		{371C6FC8-B2B6-4A78-BACE-186F5870E145}.Debug|x86.ActiveCfg = Debug|Win32
		{371C6FC8-B2B6-4A78-BACE-186F5870E145}.Debug|x86.Build.0 = Debug|Win32
		{371C6FC8-B2B6-4A78-BACE-186F5870E145}.Release|x64.ActiveCfg = Release|x64
		{371C6FC8-B2B6-4A78-BACE-186F5870E145}.Release|x64.Build.0 = Release|x64
		{371C6FC8-B2B6-4A78-BACE-186F5870E145}.Release|x86.ActiveCfg = Release|Win32
		{371C6FC8-B2B6-4A78-BACE-186F5870E145}.Release|x86.Build.0 = Release|Win32
		{1A7411FD-0EE0-474C-AF65-1BC82F3E4981}.Debug|x64.ActiveCfg = Debug|x64
		{1A7411FD-0EE0-474C-AF65-1BC82F3E4981}.Debug|x64.Build.0 = Debug|x64
		{1A7411FD-0EE0-474C-AF65-1BC82F3E4981}.Debug|x86.ActiveCfg = Debug|Win32
		{1A7411FD-0EE0-474C-AF65-1BC82F3E4981}.Debug|x86.Build.0 = Debug|Win32
		{1A7411FD-0EE0-474C-AF65-1BC82F3E4981}.Release|x64.ActiveCfg = Release|x64
		{1A7411FD-0EE0-474C-AF65-1BC82F3E4981}.Release|x64.Build.0 = Release|x64
		{1A7411FD-0EE0-474C-AF65-1BC82F3E4981}.Release|x86.ActiveCfg = Release|Win32
		{1A7411FD-0EE0-474C-AF65-1BC82F3E4981}.Release|x86.Build.0 = Release|Win32
		{7F6B3E49-7A48-4638-8297-962A900B6787}.Debug|x64.ActiveCfg = Debug|x64
		{7F6B3E49-7A48-4638-8297-962A900B6787}.Debug|x64.Build.0 = Debug|x64
		{7F6B3E49-7A48-4638-8297-962A900B6787}.Debug|x86.ActiveCfg = Debug|Win32
		{7F6B3E49-7A48-4638-8297-962A900B6787}.Debug|x86.Build.0 = Debug|Win32
		{7F6B3E49-7A48-4638-8297-962A900B6787}.Release|x64.ActiveCfg = Release|x64
		{7F6B3E49-7A48-4638-8297-962A900B6787}.Release|x64.Build.0 = Release|x64
		{7F6B3E49-7A48-4638-8297-962A900B6787}.Release|x86.ActiveCfg = Release|Win32
		{7F6B3E49-7A48-4638-8297-962A900B6787}.Release|x86.Build.0 = Release|Win32
		{205C490F-0DEF-4917-AEB0-E4222E23A6B9}.Debug|x64.ActiveCfg = Debug|x64
		{205C490F-0DEF-4917-AEB0-E4222E23A6B9}.Debug|x64.Build.0 = Debug|x64
		{205C490F-0DEF-4917-AEB0-E4222E23A6B9}.Debug|x86.ActiveCfg = Debug|Win32
		{205C490F-0DEF-4917-AEB0-E4222E23A6B9}.Debug|x86.Build.0 = Debug|Win32
		{205C490F-0DEF-4917-AEB0-E4222E23A6B9}.Release|x64.ActiveCfg = Release|x64
		{205C490F-0DEF-4917-AEB0-E4222E23A6B9}.Release|x64.Build.0 = Release|x64
		{205C490F-0DEF-4917-AEB0-E4222E23A6B9}.Release|x86.ActiveCfg = Release|Win32
		{205C490F-0DEF-4917-AEB0-E4222E23A6B9}.Release|x86.Build.0 = Release|Win32
		{A9400EF6-31C5-4714-8907-F3060F19290A}.Debug|x64.ActiveCfg = Debug|x64
		{A9400EF6-31C5-4714-8907-F3060F19290A}.Debug|x64.Build.0 = Debug|x64
		{A9400EF6-31C5-4714-8907-F3060F19290A}.Debug|x86.ActiveCfg = Debug|Win32
		{A9400EF6-31C5-4714-8907-F3060F19290A}.Debug|x86.Build.0 = Debug|Win32
		{A9400EF6-31C5-4714-8907-F3060F19290A}.Release|x64.ActiveCfg = Release|x64
		{A9400EF6-31C5-4714-8907-F3060F19290A}.Release|x64.Build.0 = Release|x64
		{A9400EF6-31C5-4714-8907-F3060F19290A}.Release|x86.ActiveCfg = Release|Win32
		{A9400EF6-31C5-4714-8907-F3060F19290A}.Release|x86.Build.0 = Release|Win32
		{9A3DA096-3628-47E3-AF92-AC6BC3EA0B80}.Debug|x64.ActiveCfg = Debug|x64
		{9A3DA096-3628-47E3-AF92-AC6BC3EA0B80}.Debug|x64.Build.0 = Debug|x64
		{9A3DA096-3628-47E3-AF92-AC6BC3EA0B80}.Debug|x86.ActiveCfg = Debug|Win32
		{9A3DA096-3628-47E3-AF92-AC6BC3EA0B80}.Debug|x86.Build.0 = Debug|Win32
		{9A3DA096-3628-47E3-AF92-AC6BC3EA0B80}.Release|x64.ActiveCfg = Release|x64
		{9A3DA096-3628-47E3-AF92-AC6BC3EA0B80}.Release|x64.Build.0 = Release|x64
		{9A3DA096-3628-47E3-AF92-AC6BC3EA0B80}.Release|x86.ActiveCfg = Release|Win32
		{9A3DA096-3628-47E3-AF92-AC6BC3EA0B80}.Release|x86.Build.0 = Release|Win32
		{7124D240-8590-4F08-BFE8-1A461222545F}.Debug|x64.ActiveCfg = Debug|x64
		{7124D240-8590-4F08-BFE8-1A461222545F}.Debug|x64.Build.0 = Debug|x64
		{7124D240-8590-4F08-BFE8-1A461222545F}.Debug|x86.ActiveCfg = Debug|Win32
		{7124D240-8590-4F08-BFE8-1A461222545F}.Debug|x86.Build.0 = Debug|Win32
		{7124D240-8590-4F08-BFE8-1A461222545F}.Release|x64.ActiveCfg = Release|x64
		{7124D240-8590-4F08-BFE8-1A461222545F}.Release|x64.Build.0 = Release|x64
		{7124D240-8590-4F08-BFE8-1A461222545F}.Release|x86.ActiveCfg = Release|Win32
		{7124D240-8590-4F08-BFE8-1A461222545F}.Release|x86.Build.0 = Release|Win32
		{BBD0D273-6FD8-4E53-97B7-BD4C9CD0E929}.Debug|x64.ActiveCfg = Debug|x64
		{BBD0D273-6FD8-4E53-97B7-BD4C9CD0E929}.Debug|x64.Build.0 = Debug|x64
		{BBD0D273-6FD8-4E53-97B7-BD4C9CD0E929}.Debug|x86.ActiveCfg = Debug|Win32
		{BBD0D273-6FD8-4E53-97B7-BD4C9CD0E929}.Debug|x86.Build.0 = Debug|Win32
		{BBD0D273-6FD8-4E53-97B7-BD4C9CD0E929}.Release|x64.ActiveCfg = Release|x64
		{BBD0D273-6FD8-4E53-97B7-BD4C9CD0E929}.Release|x64.Build.0 = Release|x64
		{BBD0D273-6FD8-4E53-97B7-BD4C9CD0E929}.Release|x86.ActiveCfg = Release|Win32
		{BBD0D273-6FD8-4E53-97B7-BD4C9CD0E929}.Release|x86.Build.0 = Release|Win32
		{CCF9EC6F-6E53-4975-AE53-D772CA731581}.Debug|x64.ActiveCfg = Debug|x64
		{CCF9EC6F-6E53-4975-AE53-D772CA731581}.Debug|x64.Build.0 = Debug|x64
		{CCF9EC6F-6E53-4975-AE53-D772CA731581}.Debug|x86.ActiveCfg = Debug|Win32
		{CCF9EC6F-6E53-4975-AE53-D772CA731581}.Debug|x86.Build.0 = Debug|Win32
		{CCF9EC6F-6E53-4975-AE53-D772CA731581}.Release|x64.ActiveCfg = Release|x64
		{CCF9EC6F-6E53-4975-AE53-D772CA731581}.Release|x64.Build.0 = Release|x64
		{CCF9EC6F-6E53-4975-AE53-D772CA731581}.Release|x86.ActiveCfg = Release|Win32
		{CCF9EC6F-6E53-4975-AE53-D772CA731581}.Release|x86.Build.0 = Release|Win32
		{B7805639-2FF1-4A6F-831B-78A697165DCC}.Debug|x64.ActiveCfg = Debug|x64
		{B7805639-2FF1-4A6F-831B-78A697165DCC}.Debug|x64.Build.0 = Debug|x64
		{B7805639-2FF1-4A6F-831B-78A697165DCC}.Debug|x86.ActiveCfg = Debug|Win32
		{B7805639-2FF1-4A6F-831B-78A697165DCC}.Debug|x86.Build.0 = Debug|Win32
		{B7805639-2FF1-4A6F-831B-78A697165DCC}.Release|x64.ActiveCfg = Release|x64
		{B7805639-2FF1-4A6F-831B-78A697165DCC}.Release|x64.Build.0 = Release|x64
		{B7805639-2FF1-4A6F-831B-78A697165DCC}.Release|x86.ActiveCfg = Release|Win32
		{B7805639-2FF1-4A6F-831B-78A697165DCC}.Release|x86.Build.0 = Release|Win32
		{ADCF5DBD-D05E-4A1E-A6BF-9E170135945D}.Debug|x64.ActiveCfg = Debug|x64
		{ADCF5DBD-D05E-4A1E-A6BF-9E170135945D}.Debug|x64.Build.0 = Debug|x64
		{ADCF5DBD-D05E-4A1E-A6BF-9E170135945D}.Debug|x86.ActiveCfg = Debug|Win32
		{ADCF5DBD-D05E-4A1E-A6BF-9E170135945D}.Debug|x86.Build.0 = Debug|Win32
		{ADCF5DBD-D05E-4A1E-A6BF-9E170135945D}.Release|x64.ActiveCfg = Release|x64
		{ADCF5DBD-D05E-4A1E-A6BF-9E170135945D}.Release|x64.Build.0 = Release|x64
		{ADCF5DBD-D05E-4A1E-A6BF-9E170135945D}.Release|x86.ActiveCfg = Release|Win32
		{ADCF5DBD-D05E-4A1E-A6BF-9E170135945D}.Release|x86.Build.0 = Release|Win32
		{23F5B246-07F8-4125-B6E7-C71CA10B386B}.Debug|x64.ActiveCfg = Debug|x64
		{23F5B246-07F8-4125-B6E7-C71CA10B386B}.Debug|x64.Build.0 = Debug|x64
		{23F5B246-07F8-4125-B6E7-C71CA10B386B}.Debug|x86.ActiveCfg = Debug|Win32
		{23F5B246-07F8-4125-B6E7-C71CA10B386B}.Debug|x86.Build.0 = Debug|Win32
		{23F5B246-07F8-4125-B6E7-C71CA10B386B}.Release|x64.ActiveCfg = Release|x64
		{23F5B246-07F8-4125-B6E7-C71CA10B386B}.Release|x64.Build.0 = Release|x64
		{23F5B246-07F8-4125-B6E7-C71CA10B386B}.Release|x86.ActiveCfg = Release|Win32
		{23F5B246-07F8-4125-B6E7-C71CA10B386B}.Release|x86.Build.0 = Release|Win32
		{D1FB62AB-3B62-4321-96AB-62053841C879}.Debug|x64.ActiveCfg = Debug|x64
		{D1FB62AB-3B62-4321-96AB-62053841C879}.Debug|x64.Build.0 = Debug|x64
		{D1FB62AB-3B62-4321-96AB-62053841C879}.Debug|x86.ActiveCfg = Debug|Win32
		{D1FB62AB-3B62-4321-96AB-62053841C879}.Debug|x86.Build.0 = Debug|Win32
		{D1FB62AB-3B62-4321-96AB-62053841C879}.Release|x64.ActiveCfg = Release|x64
		{D1FB62AB-3B62-4321-96AB-62053841C879}.Release|x64.Build.0 = Release|x64
		{D1FB62AB-3B62-4321-96AB-62053841C879}.Release|x86.ActiveCfg = Release|Win32
		{D1FB62AB-3B62-4321-96AB-62053841C879}.Release|x86.Build.0 = Release|Win32
		{5068EF62-5A41-49E4-AEAA-8AB44BB396B5}.Debug|x64.ActiveCfg = Debug|x64
		{5068EF62-5A41-49E4-AEAA-8AB44BB396B5}.Debug|x64.Build.0 = Debug|x64
		{5068EF62-5A41-49E4-AEAA-8AB44BB396B5}.Debug|x86.ActiveCfg = Debug|Win32
		{5068EF62-5A41-49E4-AEAA-8AB44BB396B5}.Debug|x86.Build.0 = Debug|Win32
		{5068EF62-5A41-49E4-AEAA-8AB44BB396B5}.Release|x64.ActiveCfg = Release|x64
		{5068EF62-5A41-49E4-AEAA-8AB44BB396B5}.Release|x64.Build.0 = Release|x64
		{5068EF62-5A41-49E4-AEAA-8AB44BB396B5}.Release|x86.ActiveCfg = Release|Win32
		{5068EF62-5A41-49E4-AEAA-8AB44BB396B5}.Release|x86.Build.0 = Release|Win32
		{5E926BFF-A3A1-47EA-90E7-A23ACE899764}.Debug|x64.ActiveCfg = Debug|x64
		{5E926BFF-A3A1-47EA-90E7-A23ACE899764}.Debug|x64.Build.0 = Debug|x64
		{5E926BFF-A3A1-47EA-90E7-A23ACE899764}.Debug|x86.ActiveCfg = Debug|Win32
		{5E926BFF-A3A1-47EA-90E7-A23ACE899764}.Debug|x86.Build.0 = Debug|Win32
		{5E926BFF-A3A1-47EA-90E7-A23ACE899764}.Release|x64.ActiveCfg = Release|x64
		{5E926BFF-A3A1-47EA-90E7-A23ACE899764}.Release|x64.Build.0 = Release|x64
		{5E926BFF-A3A1-47EA-90E7-A23ACE899764}.Release|x86.ActiveCfg = Release|Win32
		{5E926BFF-A3A1-47EA-90E7-A23ACE899764}.Release|x86.Build.0 = Release|Win32
		{B89BC36E-EAC1-4BB7-83F9-53D20C908057}.Debug|x64.ActiveCfg = Debug|x64
		{B89BC36E-EAC1-4BB7-83F9-53D20C908057}.Debug|x64.Build.0 = Debug|x64
		{B89BC36E-EAC1-4BB7-83F9-53D20C908057}.Debug|x86.ActiveCfg = Debug|Win32
		{B89BC36E-EAC1-4BB7-83F9-53D20C908057}.Debug|x86.Build.0 = Debug|Win32
		{B89BC36E-EAC1-4BB7-83F9-53D20C908057}.Release|x64.ActiveCfg = Release|x64
		{B89BC36E-EAC1-4BB7-83F9-53D20C908057}.Release|x64.Build.0 = Release|x64
		{B89BC36E-EAC1-4BB7-83F9-53D20C908057}.Release|x86.ActiveCfg = Release|Win32
		{B89BC36E-EAC1-4BB7-83F9-53D20C908057}.Release|x86.Build.0 = Release|Win32
		{4722D9E0-4640-4241-A69A-4DA82A6BC7B9}.Debug|x64.ActiveCfg = Debug|x64
		{4722D9E0-4640-4241-A69A-4DA82A6BC7B9}.Debug|x64.Build.0 = Debug|x64
		{4722D9E0-4640-4241-A69A-4DA82A6BC7B9}.Debug|x86.ActiveCfg = Debug|Win32
		{4722D9E0-4640-4241-A69A-4DA82A6BC7B9}.Debug|x86.Build.0 = Debug|Win32
		{4722D9E0-4640-4241-A69A-4DA82A6BC7B9}.Release|x64.ActiveCfg = Release|x64
		{4722D9E0-4640-4241-A69A-4DA82A6BC7B9}.Release|x64.Build.0 = Release|x64
		{4722D9E0-4640-4241-A69A-4DA82A6BC7B9}.Release|x86.ActiveCfg = Release|Win32
		{4722D9E0-4640-4241-A69A-4DA82A6BC7B9}.Release|x86.Build.0 = Release|Win32
		{F2A55A0A-EBA1-49B0-B0F6-8FE2862AFDD3}.Debug|x64.ActiveCfg = Debug|x64
		{F2A55A0A-EBA1-49B0-B0F6-8FE2862AFDD3}.Debug|x64.Build.0 = Debug|x64
		{F2A55A0A-EBA1-49B0-B0F6-8FE2862AFDD3}.Debug|x86.ActiveCfg = Debug|Win32
		{F2A55A0A-EBA1-49B0-B0F6-8FE2862AFDD3}.Debug|x86.Build.0 = Debug|Win32
		{F2A55A0A-EBA1-49B0-B0F6-8FE2862AFDD3}.Release|x64.ActiveCfg = Release|x64
		{F2A55A0A-EBA1-49B0-B0F6-8FE2862AFDD3}.Release|x64.Build.0 = Release|x64
		{F2A55A0A-EBA1-49B0-B0F6-8FE2862AFDD3}.Release|x86.ActiveCfg = Release|Win32
		{F2A55A0A-EBA1-49B0-B0F6-8FE2862AFDD3}.Release|x86.Build.0 = Release|Win32
		{52896094-69C9-4D65-90A6-088C6795341A}.Debug|x64.ActiveCfg = Debug|x64
		{52896094-69C9-4D65-90A6-088C6795341A}.Debug|x64.Build.0 = Debug|x64
		{52896094-69C9-4D65-90A6-088C6795341A}.Debug|x86.ActiveCfg = Debug|Win32
		{52896094-69C9-4D65-90A6-088C6795341A}.Debug|x86.Build.0 = Debug|Win32
		{52896094-69C9-4D65-90A6-088C6795341A}.Release|x64.ActiveCfg = Release|x64
		{52896094-69C9-4D65-90A6-088C6795341A}.Release|x64.Build.0 = Release|x64
		{52896094-69C9-4D65-90A6-088C6795341A}.Release|x86.ActiveCfg = Release|Win32
		{52896094-69C9-4D65-90A6-088C6795341A}.Release|x86.Build.0 = Release|Win32
		{EF6DD09B-21FE-4FDD-88C0-5C539D76EEDE}.Debug|x64.ActiveCfg = Debug|x64
		{EF6DD09B-21FE-4FDD-88C0-5C539D76EEDE}.Debug|x64.Build.0 = Debug|x64
		{EF6DD09B-21FE-4FDD-88C0-5C539D76EEDE}.Debug|x86.ActiveCfg = Debug|Win32
		{EF6DD09B-21FE-4FDD-88C0-5C539D76EEDE}.Debug|x86.Build.0 = Debug|Win32
		{EF6DD09B-21FE-4FDD-88C0-5C539D76EEDE}.Release|x64.ActiveCfg = Release|x64
		{EF6DD09B-21FE-4FDD-88C0-5C539D76EEDE}.Release|x64.Build.0 = Release|x64
		{EF6DD09B-21FE-4FDD-88C0-5C539D76EEDE}.Release|x86.ActiveCfg = Release|Win32
		{EF6DD09B-21FE-4FDD-88C0-5C539D76EEDE}.Release|x86.Build.0 = Release|Win32
		{08812508-832D-4FFB-8442-D35665A5DA0E}.Debug|x64.ActiveCfg = Debug|x64
		{08812508-832D-4FFB-8442-D35665A5DA0E}.Debug|x64.Build.0 = Debug|x64
		{08812508-832D-4FFB-8442-D35665A5DA0E}.Debug|x86.ActiveCfg = Debug|Win32
		{08812508-832D-4FFB-8442-D35665A5DA0E}.Debug|x86.Build.0 = Debug|Win32
		{08812508-832D-4FFB-8442-D35665A5DA0E}.Release|x64.ActiveCfg = Release|x64
		{08812508-832D-4FFB-8442-D35665A5DA0E}.Release|x64.Build.0 = Release|x64
		{08812508-832D-4FFB-8442-D35665A5DA0E}.Release|x86.ActiveCfg = Release|Win32
		{08812508-832D-4FFB-8442-D35665A5DA0E}.Release|x86.Build.0 = Release|Win32
		{25C41A63-B943-447D-9A24-38F7FCC6C49E}.Debug|x64.ActiveCfg = Debug|x64
		{25C41A63-B943-447D-9A24-38F7FCC6C49E}.Debug|x64.Build.0 = Debug|x64
		{25C41A63-B943-447D-9A24-38F7FCC6C49E}.Debug|x86.ActiveCfg = Debug|Win32
		{25C41A63-B943-447D-9A24-38F7FCC6C49E}.Debug|x86.Build.0 = Debug|Win32
		{25C41A63-B943-447D-9A24-38F7FCC6C49E}.Release|x64.ActiveCfg = Release|x64
		{25C41A63-B943-447D-9A24-38F7FCC6C49E}.Release|x64.Build.0 = Release|x64
		{25C41A63-B943-447D-9A24-38F7FCC6C49E}.Release|x86.ActiveCfg = Release|Win32
		{25C41A63-B943-447D-9A24-38F7FCC6C49E}.Release|x86.Build.0 = Release|Win32
		{CCC423BD-ECE0-4391-9A67-3D0438231847}.Debug|x64.ActiveCfg = Debug|x64
		{CCC423BD-ECE0-4391-9A67-3D0438231847}.Debug|x64.Build.0 = Debug|x64
		{CCC423BD-ECE0-4391-9A67-3D0438231847}.Debug|x86.ActiveCfg = Debug|Win32
		{CCC423BD-ECE0-4391-9A67-3D0438231847}.Debug|x86.Build.0 = Debug|Win32
		{CCC423BD-ECE0-4391-9A67-3D0438231847}.Release|x64.ActiveCfg = Release|x64
		{CCC423BD-ECE0-4391-9A67-3D0438231847}.Release|x64.Build.0 = Release|x64
		{CCC423BD-ECE0-4391-9A67-3D0438231847}.Release|x86.ActiveCfg = Release|Win32
		{CCC423BD-ECE0-4391-9A67-3D0438231847}.Release|x86.Build.0 = Release|Win32
		{3FB7DE45-B4A5-408A-B617-BD7D47611C54}.Debug|x64.ActiveCfg = Debug|x64
		{3FB7DE45-B4A5-408A-B617-BD7D47611C54}.Debug|x64.Build.0 = Debug|x64
		{3FB7DE45-B4A5-408A-B617-BD7D47611C54}.Debug|x86.ActiveCfg = Debug|Win32
		{3FB7DE45-B4A5-408A-B617-BD7D47611C54}.Debug|x86.Build.0 = Debug|Win32
		{3FB7DE45-B4A5-408A-B617-BD7D47611C54}.Release|x64.ActiveCfg = Release|x64
		{3FB7DE45-B4A5-408A-B617-BD7D47611C54}.Release|x64.Build.0 = Release|x64
		{3FB7DE45-B4A5-408A-B617-BD7D47611C54}.Release|x86.ActiveCfg = Release|Win32
		{3FB7DE45-B4A5-408A-B617-BD7D47611C54}.Release|x86.Build.0 = Release|Win32
		{9496BB69-95B7-4F7A-B3BF-6A6A225C46C1}.Debug|x64.ActiveCfg = Debug|x64
		{9496BB69-95B7-4F7A-B3BF-6A6A225C46C1}.Debug|x64.Build.0 = Debug|x64
		{9496BB69-95B7-4F7A-B3BF-6A6A225C46C1}.Debug|x86.ActiveCfg = Debug|Win32
		{9496BB69-95B7-4F7A-B3BF-6A6A225C46C1}.Debug|x86.Build.0 = Debug|Win32
		{9496BB69-95B7-4F7A-B3BF-6A6A225C46C1}.Release|x64.ActiveCfg = Release|x64
		{9496BB69-95B7-4F7A-B3BF-6A6A225C46C1}.Release|x64.Build.0 = Release|x64
		{9496BB69-95B7-4F7A-B3BF-6A6A225C46C1}.Release|x86.ActiveCfg = Release|Win32
		{9496BB69-95B7-4F7A-B3BF-6A6A225C46C1}.Release|x86.Build.0 = Release|Win32
		{182C0F37-9534-48E4-8964-BC902950ED47}.Debug|x64.ActiveCfg = Debug|x64
		{182C0F37-9534-48E4-8964-BC902950ED47}.Debug|x64.Build.0 = Debug|x64
		{182C0F37-9534-48E4-8964-BC902950ED47}.Debug|x86.ActiveCfg = Debug|Win32
		{182C0F37-9534-48E4-8964-BC902950ED47}.Debug|x86.Build.0 = Debug|Win32
		{182C0F37-9534-48E4-8964-BC902950ED47}.Release|x64.ActiveCfg = Release|x64
		{182C0F37-9534-48E4-8964-BC902950ED47}.Release|x64.Build.0 = Release|x64
		{182C0F37-9534-48E4-8964-BC902950ED47}.Release|x86.ActiveCfg = Release|Win32
		{182C0F37-9534-48E4-8964-BC902950ED47}.Release|x86.Build.0 = Release|Win32
		{53F4314F-902E-46E8-9EBF-63768CE6375E}.Debug|x64.ActiveCfg = Debug|x64
		{53F4314F-902E-46E8-9EBF-63768CE6375E}.Debug|x64.Build.0 = Debug|x64
		{53F4314F-902E-46E8-9EBF-63768CE6375E}.Debug|x86.ActiveCfg = Debug|Win32
		{53F4314F-902E-46E8-9EBF-63768CE6375E}.Debug|x86.Build.0 = Debug|Win32
		{53F4314F-902E-46E8-9EBF-63768CE6375E}.Release|x64.ActiveCfg = Release|x64
		{53F4314F-902E-46E8-9EBF-63768CE6375E}.Release|x64.Build.0 = Release|x64
		{53F4314F-902E-46E8-9EBF-63768CE6375E}.Release|x86.ActiveCfg = Release|Win32
		{53F4314F-902E-46E8-9EBF-63768CE6375E}.Release|x86.Build.0 = Release|Win32
		{3B521D8D-F8D6-4ABA-8D7E-96AC5A4F8231}.Debug|x64.ActiveCfg = Debug|x64
		{3B521D8D-F8D6-4ABA-8D7E-96AC5A4F8231}.Debug|x64.Build.0 = Debug|x64
		{3B521D8D-F8D6-4ABA-8D7E-96AC5A4F8231}.Debug|x86.ActiveCfg = Debug|Win32
		{3B521D8D-F8D6-4ABA-8D7E-96AC5A4F8231}.Debug|x86.Build.0 = Debug|Win32
		{3B521D8D-F8D6-4ABA-8D7E-96AC5A4F8231}.Release|x64.ActiveCfg = Release|x64
		{3B521D8D-F8D6-4ABA-8D7E-96AC5A4F8231}.Release|x64.Build.0 = Release|x64
		{3B521D8D-F8D6-4ABA-8D7E-96AC5A4F8231}.Release|x86.ActiveCfg = Release|Win32
		{3B521D8D-F8D6-4ABA-8D7E-96AC5A4F8231}.Release|x86.Build.0 = Release|Win32
		{04C28D3D-DE65-4744-97A3-EC438887278B}.Debug|x64.ActiveCfg = Debug|x64
		{04C28D3D-DE65-4744-97A3-EC438887278B}.Debug|x64.Build.0 = Debug|x64
		{04C28D3D-DE65-4744-97A3-EC438887278B}.Debug|x86.ActiveCfg = Debug|Win32
		{04C28D3D-DE65-4744-97A3-EC438887278B}.Debug|x86.Build.0 = Debug|Win32
		{04C28D3D-DE65-4744-97A3-EC438887278B}.Release|x64.ActiveCfg = Release|x64
		{04C28D3D-DE65-4744-97A3-EC438887278B}.Release|x64.Build.0 = Release|x64
		{04C28D3D-DE65-4744-97A3-EC438887278B}.Release|x86.ActiveCfg = Release|Win32
		{04C28D3D-DE65-4744-97A3-EC438887278B}.Release|x86.Build.0 = Release|Win32
		{B5120D9B-6A90-4DDB-9C67-F2BD6FD0DDB9}.Debug|x64.ActiveCfg = Debug|x64
		{B5120D9B-6A90-4DDB-9C67-F2BD6FD0DDB9}.Debug|x64.Build.0 = Debug|x64
		{B5120D9B-6A90-4DDB-9C67-F2BD6FD0DDB9}.Debug|x86.ActiveCfg = Debug|Win32
		{B5120D9B-6A90-4DDB-9C67-F2BD6FD0DDB9}.Debug|x86.Build.0 = Debug|Win32
		{B5120D9B-6A90-4DDB-9C67-F2BD6FD0DDB9}.Release|x64.ActiveCfg = Release|x64
		{B5120D9B-6A90-4DDB-9C67-F2BD6FD0DDB9}.Release|x64.Build.0 = Release|x64
		{B5120D9B-6A90-4DDB-9C67-F2BD6FD0DDB9}.Release|x86.ActiveCfg = Release|Win32
		{B5120D9B-6A90-4DDB-9C67-F2BD6FD0DDB9}.Release|x86.Build.0 = Release|Win32
		{61CEF6B0-C5B9-4238-96BE-8D22474E259E}.Debug|x64.ActiveCfg = Debug|x64
		{61CEF6B0-C5B9-4238-96BE-8D22474E259E}.Debug|x64.Build.0 = Debug|x64
		{61CEF6B0-C5B9-4238-96BE-8D22474E259E}.Debug|x86.ActiveCfg = Debug|Win32
		{61CEF6B0-C5B9-4238-96BE-8D22474E259E}.Debug|x86.Build.0 = Debug|Win32
		{61CEF6B0-C5B9-4238-96BE-8D22474E259E}.Release|x64.ActiveCfg = Release|x64
		{61CEF6B0-C5B9-4238-96BE-8D22474E259E}.Release|x64.Build.0 = Release|x64
		{61CEF6B0-C5B9-4238-96BE-8D22474E259E}.Release|x86.ActiveCfg = Release|Win32
		{61CEF6B0-C5B9-4238-96BE-8D22474E259E}.Release|x86.Build.0 = Release|Win32
		{5486A307-BFC7-4519-A349-6C9F8EDAC69A}.Debug|x64.ActiveCfg = Debug|x64
		{5486A307-BFC7-4519-A349-6C9F8EDAC69A}.Debug|x64.Build.0 = Debug|x64
		{5486A307-BFC7-4519-A349-6C9F8EDAC69A}.Debug|x86.ActiveCfg = Debug|Win32
		{5486A307-BFC7-4519-A349-6C9F8EDAC69A}.Debug|x86.Build.0 = Debug|Win32
		{5486A307-BFC7-4519-A349-6C9F8EDAC69A}.Release|x64.ActiveCfg = Release|x64
		{5486A307-BFC7-4519-A349-6C9F8EDAC69A}.Release|x64.Build.0 = Release|x64
		{5486A307-BFC7-4519-A349-6C9F8EDAC69A}.Release|x86.ActiveCfg = Release|Win32
		{5486A307-BFC7-4519-A349-6C9F8EDAC69A}.Release|x86.Build.0 = Release|Win32
	EndGlobalSection
	GlobalSection(SolutionProperties) = preSolution
		HideSolutionNode = FALSE
	EndGlobalSection
	GlobalSection(ExtensibilityGlobals) = postSolution
		SolutionGuid = {E09EB160-3480-4EFD-B660-12DB9D46AAB9}
	EndGlobalSection
EndGlobal
