
Microsoft Visual Studio Solution File, Format Version 12.00
# Visual Studio Version 16
VisualStudioVersion = 16.0.31729.503
MinimumVisualStudioVersion = 10.0.40219.1
Project("{8BC9CEB8-8B4A-11D0-8D11-00A0C91BC942}") = "01 容器算法迭代器初识", "01 容器算法迭代器初识\01 容器算法迭代器初识.vcxproj", "{F17A6781-AB48-4E20-A6D8-B6EC07DC3A89}"
EndProject
Project("{8BC9CEB8-8B4A-11D0-8D11-00A0C91BC942}") = "02 vector存放自定义数据类型", "02 vector存放自定义数据类型\02 vector存放自定义数据类型.vcxproj", "{222F88A2-6B67-4B04-9D46-8555C939B1A6}"
EndProject
Project("{8BC9CEB8-8B4A-11D0-8D11-00A0C91BC942}") = "03 vector容器嵌套容器", "03 vector容器嵌套容器\03 vector容器嵌套容器.vcxproj", "{BD9875F1-4F91-44B1-A1CF-86616DBD95AD}"
EndProject
Project("{8BC9CEB8-8B4A-11D0-8D11-00A0C91BC942}") = "04 string容器-构造函数", "04 string容器-构造函数\04 string容器-构造函数.vcxproj", "{198EEBEC-396E-4718-AC2D-1545375072C3}"
EndProject
Project("{8BC9CEB8-8B4A-11D0-8D11-00A0C91BC942}") = "05 string容器-赋值操作", "05 string容器-赋值操作\05 string容器-赋值操作.vcxproj", "{1ABE11AA-D5C1-46BA-B9DF-7AA643884BBB}"
EndProject
Project("{8BC9CEB8-8B4A-11D0-8D11-00A0C91BC942}") = "06 string容器-字符串拼接", "06 string容器-字符串拼接\06 string容器-字符串拼接.vcxproj", "{99346801-1A63-43AE-9AC3-1698C4E93448}"
EndProject
Project("{8BC9CEB8-8B4A-11D0-8D11-00A0C91BC942}") = "07 string容器-查找和替换", "07 string容器-查找和替换\07 string容器-查找和替换.vcxproj", "{E31C684E-6419-4587-8AD8-A2DA79BE5EA9}"
EndProject
Project("{8BC9CEB8-8B4A-11D0-8D11-00A0C91BC942}") = "08 string容器-字符串比较", "08 string容器-字符串比较\08 string容器-字符串比较.vcxproj", "{4A149551-A950-4862-978D-9AB2821A5C31}"
EndProject
Project("{8BC9CEB8-8B4A-11D0-8D11-00A0C91BC942}") = "09 string容器-字符存取", "09 string容器-字符存取\09 string容器-字符存取.vcxproj", "{A64338D6-0646-428C-B6F1-CCC21A986AB3}"
EndProject
Project("{8BC9CEB8-8B4A-11D0-8D11-00A0C91BC942}") = "10 string容器-插入和删除", "10 string容器-插入和删除\10 string容器-插入和删除.vcxproj", "{223040B0-03C7-431C-B6D8-92F8FFD3FCE3}"
EndProject
Project("{8BC9CEB8-8B4A-11D0-8D11-00A0C91BC942}") = "11 string容器-子串获取", "11 string容器-子串获取\11 string容器-子串获取.vcxproj", "{B72459CE-73EA-49C0-AB88-0F61C9804997}"
EndProject
Project("{8BC9CEB8-8B4A-11D0-8D11-00A0C91BC942}") = "12 vector容器-构造函数", "12 vector容器-构造函数\12 vector容器-构造函数.vcxproj", "{E8A19600-D051-4038-AF0E-C15BB65CA9E0}"
EndProject
Project("{8BC9CEB8-8B4A-11D0-8D11-00A0C91BC942}") = "13 vector容器-赋值操作", "13 vector容器-赋值操作\13 vector容器-赋值操作.vcxproj", "{E455A384-972E-4020-A8CE-CD8F7FC0E73F}"
EndProject
Project("{8BC9CEB8-8B4A-11D0-8D11-00A0C91BC942}") = "14 vector容器-容量和大小", "14 vector容器-容量和大小\14 vector容器-容量和大小.vcxproj", "{CB87B024-4BEB-41E8-BD07-BA5CC42EB102}"
EndProject
Project("{8BC9CEB8-8B4A-11D0-8D11-00A0C91BC942}") = "15 vector容器-插入和删除", "15 vector容器-插入和删除\15 vector容器-插入和删除.vcxproj", "{7D390A3A-5A97-4688-9693-0522B839AC11}"
EndProject
Project("{8BC9CEB8-8B4A-11D0-8D11-00A0C91BC942}") = "16 vector容器-数据存取", "16 vector容器-数据存取\16 vector容器-数据存取.vcxproj", "{A3651D64-1D8F-4456-800B-91D5914D8AE7}"
EndProject
Project("{8BC9CEB8-8B4A-11D0-8D11-00A0C91BC942}") = "17 vector容器-互换容器", "17 vector容器-互换容器\17 vector容器-互换容器.vcxproj", "{D3A020E9-4088-4442-96DE-73E7B2F85099}"
EndProject
Project("{8BC9CEB8-8B4A-11D0-8D11-00A0C91BC942}") = "18 vector容器-预留空间", "18 vector容器-预留空间\18 vector容器-预留空间.vcxproj", "{1592B472-DA57-4FEF-9F64-009381E20E52}"
EndProject
Project("{8BC9CEB8-8B4A-11D0-8D11-00A0C91BC942}") = "19 deque容器-构造函数", "19 deque容器-构造函数\19 deque容器-构造函数.vcxproj", "{78A9AFC4-9785-491B-83E2-3A944C1CCF5A}"
EndProject
Project("{8BC9CEB8-8B4A-11D0-8D11-00A0C91BC942}") = "20 deque容器-赋值操作", "20 deque容器-赋值操作\20 deque容器-赋值操作.vcxproj", "{D96B18B1-5CF2-4B9D-9740-5F5A13DD696F}"
EndProject
Project("{8BC9CEB8-8B4A-11D0-8D11-00A0C91BC942}") = "21 deque容器-大小操作", "21 deque容器-大小操作\21 deque容器-大小操作.vcxproj", "{B9639CF6-8CA3-4E9E-9FF5-3FD2A31AF406}"
EndProject
Project("{8BC9CEB8-8B4A-11D0-8D11-00A0C91BC942}") = "22 deque容器-插入和删除", "22 deque容器-插入和删除\22 deque容器-插入和删除.vcxproj", "{9954A212-101B-4DC0-B0BE-2304B7F4EEB9}"
EndProject
Project("{8BC9CEB8-8B4A-11D0-8D11-00A0C91BC942}") = "23 deque容器-数据存取", "23 deque容器-数据存取\23 deque容器-数据存取.vcxproj", "{47280D7C-EC5D-4ED3-8F4B-8DCF08427CFC}"
EndProject
Project("{8BC9CEB8-8B4A-11D0-8D11-00A0C91BC942}") = "24 deque容器-排序操作", "24 deque容器-排序操作\24 deque容器-排序操作.vcxproj", "{77555903-CBEA-4428-B22F-DB1EB945BBB8}"
EndProject
Project("{8BC9CEB8-8B4A-11D0-8D11-00A0C91BC942}") = "25 STL案例1-评委打分", "25 STL案例1-评委打分\25 STL案例1-评委打分.vcxproj", "{58917B5A-8AB8-4F62-B51E-C3C9D38999A8}"
EndProject
Project("{8BC9CEB8-8B4A-11D0-8D11-00A0C91BC942}") = "26 stack容器-常用接口", "26 stack容器-常用接口\26 stack容器-常用接口.vcxproj", "{0CA69424-77F5-45C5-8F7C-2A999DA1DAA1}"
EndProject
Project("{8BC9CEB8-8B4A-11D0-8D11-00A0C91BC942}") = "27 queue容器-常用接口", "27 queue容器-常用接口\27 queue容器-常用接口.vcxproj", "{9163311B-2D3A-4632-84ED-F29DDFF41C08}"
EndProject
Project("{8BC9CEB8-8B4A-11D0-8D11-00A0C91BC942}") = "28 list容器-构造函数", "28 list容器-构造函数\28 list容器-构造函数.vcxproj", "{24155AAD-E062-4611-B8D8-E84318A5E8BF}"
EndProject
Project("{8BC9CEB8-8B4A-11D0-8D11-00A0C91BC942}") = "29 list容器-赋值和交换", "29 list容器-赋值和交换\29 list容器-赋值和交换.vcxproj", "{0C0C5431-E963-4CCB-AB5B-6109E402499B}"
EndProject
Project("{8BC9CEB8-8B4A-11D0-8D11-00A0C91BC942}") = "30 list容器-大小操作", "30 list容器-大小操作\30 list容器-大小操作.vcxproj", "{43B2C182-199C-45E6-A242-6EBDA0CDA45B}"
EndProject
Project("{8BC9CEB8-8B4A-11D0-8D11-00A0C91BC942}") = "31 list容器-插入和删除", "31 list容器-插入和删除\31 list容器-插入和删除.vcxproj", "{A7FCC3D5-2B11-473C-AD79-F5657A5A5C6B}"
EndProject
Project("{8BC9CEB8-8B4A-11D0-8D11-00A0C91BC942}") = "32 list容器-数据存取", "32 list容器-数据存取\32 list容器-数据存取.vcxproj", "{3DBA2F75-CFA8-44AA-91CE-3883317E6B4E}"
EndProject
Project("{8BC9CEB8-8B4A-11D0-8D11-00A0C91BC942}") = "33 list容器-反转和排序", "33 list容器-反转和排序\33 list容器-反转和排序.vcxproj", "{C808D50E-2C79-4039-9A02-1BDD74C4B44B}"
EndProject
Project("{8BC9CEB8-8B4A-11D0-8D11-00A0C91BC942}") = "34 list容器-排序案例", "34 list容器-排序案例\34 list容器-排序案例.vcxproj", "{18D0D62D-FBEC-4D9A-B13B-FDEF078E8CE4}"
EndProject
Project("{8BC9CEB8-8B4A-11D0-8D11-00A0C91BC942}") = "35 set容器-构造和赋值", "35 set容器-构造和赋值\35 set容器-构造和赋值.vcxproj", "{17DCC4A8-002A-4438-A074-A7FB589F6700}"
EndProject
Project("{8BC9CEB8-8B4A-11D0-8D11-00A0C91BC942}") = "36 set容器-大小和交换", "36 set容器-大小和交换\36 set容器-大小和交换.vcxproj", "{59E654F4-B555-4C74-B05B-33ADA87FB744}"
EndProject
Project("{8BC9CEB8-8B4A-11D0-8D11-00A0C91BC942}") = "37 set容器-插入和删除", "37 set容器-插入和删除\37 set容器-插入和删除.vcxproj", "{682A1D93-7CA3-4995-AA43-C949CCD0E83B}"
EndProject
Project("{8BC9CEB8-8B4A-11D0-8D11-00A0C91BC942}") = "38 set容器-查找和统计", "38 set容器-查找和统计\38 set容器-查找和统计.vcxproj", "{4ED82FC4-F653-4428-BCD4-99021182E98A}"
EndProject
Project("{8BC9CEB8-8B4A-11D0-8D11-00A0C91BC942}") = "39 set容器-set和multiset区别", "39 set容器-set和multiset区别\39 set容器-set和multiset区别.vcxproj", "{90C97A71-79D2-4627-B4AD-E02E81EA1181}"
EndProject
Project("{8BC9CEB8-8B4A-11D0-8D11-00A0C91BC942}") = "40 pair使用-pair对组的创建", "40 pair使用-pair对组的创建\40 pair使用-pair对组的创建.vcxproj", "{5D24B7D7-DF91-4C7F-889A-21F5819D382F}"
EndProject
Project("{8BC9CEB8-8B4A-11D0-8D11-00A0C91BC942}") = "41 set容器-内置类型指定排序规则", "41 set容器-内置类型指定排序规则\41 set容器-内置类型指定排序规则.vcxproj", "{8651F3E7-6BD7-4659-94D8-8FB72F05B5B6}"
EndProject
Project("{8BC9CEB8-8B4A-11D0-8D11-00A0C91BC942}") = "42 set容器-自定义数据类型指定排序规则", "42 set容器-自定义数据类型指定排序规则\42 set容器-自定义数据类型指定排序规则.vcxproj", "{AF6DFBA8-B16A-4D9A-B7C6-758D19DBBF14}"
EndProject
Project("{8BC9CEB8-8B4A-11D0-8D11-00A0C91BC942}") = "43 map容器-构造和赋值", "43 map容器-构造和赋值\43 map容器-构造和赋值.vcxproj", "{E6D250E6-FAFD-4C3A-ACD4-80427EB335E8}"
EndProject
Project("{8BC9CEB8-8B4A-11D0-8D11-00A0C91BC942}") = "44 map容器-大小和交换", "44 map容器-大小和交换\44 map容器-大小和交换.vcxproj", "{2737C22A-9F29-4E75-BE8C-C798E256887E}"
EndProject
Project("{8BC9CEB8-8B4A-11D0-8D11-00A0C91BC942}") = "45 map容器-插入和删除", "45 map容器-插入和删除\45 map容器-插入和删除.vcxproj", "{4FF001FE-2B60-425B-9199-47BF7E243B8A}"
EndProject
Project("{8BC9CEB8-8B4A-11D0-8D11-00A0C91BC942}") = "46 map容器-查找和统计", "46 map容器-查找和统计\46 map容器-查找和统计.vcxproj", "{96974E75-CC99-43D5-A982-44287E44182D}"
EndProject
Project("{8BC9CEB8-8B4A-11D0-8D11-00A0C91BC942}") = "47 map容器-排序", "47 map容器-排序\47 map容器-排序.vcxproj", "{1B11C206-C855-48FF-970D-69D437EF7C0C}"
EndProject
Project("{8BC9CEB8-8B4A-11D0-8D11-00A0C91BC942}") = "48 STL案例2-员工分组", "48 STL案例2-员工分组\48 STL案例2-员工分组.vcxproj", "{FC76CB7C-4F7F-40E1-8E10-F282BB07722A}"
EndProject
Global
	GlobalSection(SolutionConfigurationPlatforms) = preSolution
		Debug|x64 = Debug|x64
		Debug|x86 = Debug|x86
		Release|x64 = Release|x64
		Release|x86 = Release|x86
	EndGlobalSection
	GlobalSection(ProjectConfigurationPlatforms) = postSolution
		{F17A6781-AB48-4E20-A6D8-B6EC07DC3A89}.Debug|x64.ActiveCfg = Debug|x64
		{F17A6781-AB48-4E20-A6D8-B6EC07DC3A89}.Debug|x64.Build.0 = Debug|x64
		{F17A6781-AB48-4E20-A6D8-B6EC07DC3A89}.Debug|x86.ActiveCfg = Debug|Win32
		{F17A6781-AB48-4E20-A6D8-B6EC07DC3A89}.Debug|x86.Build.0 = Debug|Win32
		{F17A6781-AB48-4E20-A6D8-B6EC07DC3A89}.Release|x64.ActiveCfg = Release|x64
		{F17A6781-AB48-4E20-A6D8-B6EC07DC3A89}.Release|x64.Build.0 = Release|x64
		{F17A6781-AB48-4E20-A6D8-B6EC07DC3A89}.Release|x86.ActiveCfg = Release|Win32
		{F17A6781-AB48-4E20-A6D8-B6EC07DC3A89}.Release|x86.Build.0 = Release|Win32
		{222F88A2-6B67-4B04-9D46-8555C939B1A6}.Debug|x64.ActiveCfg = Debug|x64
		{222F88A2-6B67-4B04-9D46-8555C939B1A6}.Debug|x64.Build.0 = Debug|x64
		{222F88A2-6B67-4B04-9D46-8555C939B1A6}.Debug|x86.ActiveCfg = Debug|Win32
		{222F88A2-6B67-4B04-9D46-8555C939B1A6}.Debug|x86.Build.0 = Debug|Win32
		{222F88A2-6B67-4B04-9D46-8555C939B1A6}.Release|x64.ActiveCfg = Release|x64
		{222F88A2-6B67-4B04-9D46-8555C939B1A6}.Release|x64.Build.0 = Release|x64
		{222F88A2-6B67-4B04-9D46-8555C939B1A6}.Release|x86.ActiveCfg = Release|Win32
		{222F88A2-6B67-4B04-9D46-8555C939B1A6}.Release|x86.Build.0 = Release|Win32
		{BD9875F1-4F91-44B1-A1CF-86616DBD95AD}.Debug|x64.ActiveCfg = Debug|x64
		{BD9875F1-4F91-44B1-A1CF-86616DBD95AD}.Debug|x64.Build.0 = Debug|x64
		{BD9875F1-4F91-44B1-A1CF-86616DBD95AD}.Debug|x86.ActiveCfg = Debug|Win32
		{BD9875F1-4F91-44B1-A1CF-86616DBD95AD}.Debug|x86.Build.0 = Debug|Win32
		{BD9875F1-4F91-44B1-A1CF-86616DBD95AD}.Release|x64.ActiveCfg = Release|x64
		{BD9875F1-4F91-44B1-A1CF-86616DBD95AD}.Release|x64.Build.0 = Release|x64
		{BD9875F1-4F91-44B1-A1CF-86616DBD95AD}.Release|x86.ActiveCfg = Release|Win32
		{BD9875F1-4F91-44B1-A1CF-86616DBD95AD}.Release|x86.Build.0 = Release|Win32
		{198EEBEC-396E-4718-AC2D-1545375072C3}.Debug|x64.ActiveCfg = Debug|x64
		{198EEBEC-396E-4718-AC2D-1545375072C3}.Debug|x64.Build.0 = Debug|x64
		{198EEBEC-396E-4718-AC2D-1545375072C3}.Debug|x86.ActiveCfg = Debug|Win32
		{198EEBEC-396E-4718-AC2D-1545375072C3}.Debug|x86.Build.0 = Debug|Win32
		{198EEBEC-396E-4718-AC2D-1545375072C3}.Release|x64.ActiveCfg = Release|x64
		{198EEBEC-396E-4718-AC2D-1545375072C3}.Release|x64.Build.0 = Release|x64
		{198EEBEC-396E-4718-AC2D-1545375072C3}.Release|x86.ActiveCfg = Release|Win32
		{198EEBEC-396E-4718-AC2D-1545375072C3}.Release|x86.Build.0 = Release|Win32
		{1ABE11AA-D5C1-46BA-B9DF-7AA643884BBB}.Debug|x64.ActiveCfg = Debug|x64
		{1ABE11AA-D5C1-46BA-B9DF-7AA643884BBB}.Debug|x64.Build.0 = Debug|x64
		{1ABE11AA-D5C1-46BA-B9DF-7AA643884BBB}.Debug|x86.ActiveCfg = Debug|Win32
		{1ABE11AA-D5C1-46BA-B9DF-7AA643884BBB}.Debug|x86.Build.0 = Debug|Win32
		{1ABE11AA-D5C1-46BA-B9DF-7AA643884BBB}.Release|x64.ActiveCfg = Release|x64
		{1ABE11AA-D5C1-46BA-B9DF-7AA643884BBB}.Release|x64.Build.0 = Release|x64
		{1ABE11AA-D5C1-46BA-B9DF-7AA643884BBB}.Release|x86.ActiveCfg = Release|Win32
		{1ABE11AA-D5C1-46BA-B9DF-7AA643884BBB}.Release|x86.Build.0 = Release|Win32
		{99346801-1A63-43AE-9AC3-1698C4E93448}.Debug|x64.ActiveCfg = Debug|x64
		{99346801-1A63-43AE-9AC3-1698C4E93448}.Debug|x64.Build.0 = Debug|x64
		{99346801-1A63-43AE-9AC3-1698C4E93448}.Debug|x86.ActiveCfg = Debug|Win32
		{99346801-1A63-43AE-9AC3-1698C4E93448}.Debug|x86.Build.0 = Debug|Win32
		{99346801-1A63-43AE-9AC3-1698C4E93448}.Release|x64.ActiveCfg = Release|x64
		{99346801-1A63-43AE-9AC3-1698C4E93448}.Release|x64.Build.0 = Release|x64
		{99346801-1A63-43AE-9AC3-1698C4E93448}.Release|x86.ActiveCfg = Release|Win32
		{99346801-1A63-43AE-9AC3-1698C4E93448}.Release|x86.Build.0 = Release|Win32
		{E31C684E-6419-4587-8AD8-A2DA79BE5EA9}.Debug|x64.ActiveCfg = Debug|x64
		{E31C684E-6419-4587-8AD8-A2DA79BE5EA9}.Debug|x64.Build.0 = Debug|x64
		{E31C684E-6419-4587-8AD8-A2DA79BE5EA9}.Debug|x86.ActiveCfg = Debug|Win32
		{E31C684E-6419-4587-8AD8-A2DA79BE5EA9}.Debug|x86.Build.0 = Debug|Win32
		{E31C684E-6419-4587-8AD8-A2DA79BE5EA9}.Release|x64.ActiveCfg = Release|x64
		{E31C684E-6419-4587-8AD8-A2DA79BE5EA9}.Release|x64.Build.0 = Release|x64
		{E31C684E-6419-4587-8AD8-A2DA79BE5EA9}.Release|x86.ActiveCfg = Release|Win32
		{E31C684E-6419-4587-8AD8-A2DA79BE5EA9}.Release|x86.Build.0 = Release|Win32
		{4A149551-A950-4862-978D-9AB2821A5C31}.Debug|x64.ActiveCfg = Debug|x64
		{4A149551-A950-4862-978D-9AB2821A5C31}.Debug|x64.Build.0 = Debug|x64
		{4A149551-A950-4862-978D-9AB2821A5C31}.Debug|x86.ActiveCfg = Debug|Win32
		{4A149551-A950-4862-978D-9AB2821A5C31}.Debug|x86.Build.0 = Debug|Win32
		{4A149551-A950-4862-978D-9AB2821A5C31}.Release|x64.ActiveCfg = Release|x64
		{4A149551-A950-4862-978D-9AB2821A5C31}.Release|x64.Build.0 = Release|x64
		{4A149551-A950-4862-978D-9AB2821A5C31}.Release|x86.ActiveCfg = Release|Win32
		{4A149551-A950-4862-978D-9AB2821A5C31}.Release|x86.Build.0 = Release|Win32
		{A64338D6-0646-428C-B6F1-CCC21A986AB3}.Debug|x64.ActiveCfg = Debug|x64
		{A64338D6-0646-428C-B6F1-CCC21A986AB3}.Debug|x64.Build.0 = Debug|x64
		{A64338D6-0646-428C-B6F1-CCC21A986AB3}.Debug|x86.ActiveCfg = Debug|Win32
		{A64338D6-0646-428C-B6F1-CCC21A986AB3}.Debug|x86.Build.0 = Debug|Win32
		{A64338D6-0646-428C-B6F1-CCC21A986AB3}.Release|x64.ActiveCfg = Release|x64
		{A64338D6-0646-428C-B6F1-CCC21A986AB3}.Release|x64.Build.0 = Release|x64
		{A64338D6-0646-428C-B6F1-CCC21A986AB3}.Release|x86.ActiveCfg = Release|Win32
		{A64338D6-0646-428C-B6F1-CCC21A986AB3}.Release|x86.Build.0 = Release|Win32
		{223040B0-03C7-431C-B6D8-92F8FFD3FCE3}.Debug|x64.ActiveCfg = Debug|x64
		{223040B0-03C7-431C-B6D8-92F8FFD3FCE3}.Debug|x64.Build.0 = Debug|x64
		{223040B0-03C7-431C-B6D8-92F8FFD3FCE3}.Debug|x86.ActiveCfg = Debug|Win32
		{223040B0-03C7-431C-B6D8-92F8FFD3FCE3}.Debug|x86.Build.0 = Debug|Win32
		{223040B0-03C7-431C-B6D8-92F8FFD3FCE3}.Release|x64.ActiveCfg = Release|x64
		{223040B0-03C7-431C-B6D8-92F8FFD3FCE3}.Release|x64.Build.0 = Release|x64
		{223040B0-03C7-431C-B6D8-92F8FFD3FCE3}.Release|x86.ActiveCfg = Release|Win32
		{223040B0-03C7-431C-B6D8-92F8FFD3FCE3}.Release|x86.Build.0 = Release|Win32
		{B72459CE-73EA-49C0-AB88-0F61C9804997}.Debug|x64.ActiveCfg = Debug|x64
		{B72459CE-73EA-49C0-AB88-0F61C9804997}.Debug|x64.Build.0 = Debug|x64
		{B72459CE-73EA-49C0-AB88-0F61C9804997}.Debug|x86.ActiveCfg = Debug|Win32
		{B72459CE-73EA-49C0-AB88-0F61C9804997}.Debug|x86.Build.0 = Debug|Win32
		{B72459CE-73EA-49C0-AB88-0F61C9804997}.Release|x64.ActiveCfg = Release|x64
		{B72459CE-73EA-49C0-AB88-0F61C9804997}.Release|x64.Build.0 = Release|x64
		{B72459CE-73EA-49C0-AB88-0F61C9804997}.Release|x86.ActiveCfg = Release|Win32
		{B72459CE-73EA-49C0-AB88-0F61C9804997}.Release|x86.Build.0 = Release|Win32
		{E8A19600-D051-4038-AF0E-C15BB65CA9E0}.Debug|x64.ActiveCfg = Debug|x64
		{E8A19600-D051-4038-AF0E-C15BB65CA9E0}.Debug|x64.Build.0 = Debug|x64
		{E8A19600-D051-4038-AF0E-C15BB65CA9E0}.Debug|x86.ActiveCfg = Debug|Win32
		{E8A19600-D051-4038-AF0E-C15BB65CA9E0}.Debug|x86.Build.0 = Debug|Win32
		{E8A19600-D051-4038-AF0E-C15BB65CA9E0}.Release|x64.ActiveCfg = Release|x64
		{E8A19600-D051-4038-AF0E-C15BB65CA9E0}.Release|x64.Build.0 = Release|x64
		{E8A19600-D051-4038-AF0E-C15BB65CA9E0}.Release|x86.ActiveCfg = Release|Win32
		{E8A19600-D051-4038-AF0E-C15BB65CA9E0}.Release|x86.Build.0 = Release|Win32
		{E455A384-972E-4020-A8CE-CD8F7FC0E73F}.Debug|x64.ActiveCfg = Debug|x64
		{E455A384-972E-4020-A8CE-CD8F7FC0E73F}.Debug|x64.Build.0 = Debug|x64
		{E455A384-972E-4020-A8CE-CD8F7FC0E73F}.Debug|x86.ActiveCfg = Debug|Win32
		{E455A384-972E-4020-A8CE-CD8F7FC0E73F}.Debug|x86.Build.0 = Debug|Win32
		{E455A384-972E-4020-A8CE-CD8F7FC0E73F}.Release|x64.ActiveCfg = Release|x64
		{E455A384-972E-4020-A8CE-CD8F7FC0E73F}.Release|x64.Build.0 = Release|x64
		{E455A384-972E-4020-A8CE-CD8F7FC0E73F}.Release|x86.ActiveCfg = Release|Win32
		{E455A384-972E-4020-A8CE-CD8F7FC0E73F}.Release|x86.Build.0 = Release|Win32
		{CB87B024-4BEB-41E8-BD07-BA5CC42EB102}.Debug|x64.ActiveCfg = Debug|x64
		{CB87B024-4BEB-41E8-BD07-BA5CC42EB102}.Debug|x64.Build.0 = Debug|x64
		{CB87B024-4BEB-41E8-BD07-BA5CC42EB102}.Debug|x86.ActiveCfg = Debug|Win32
		{CB87B024-4BEB-41E8-BD07-BA5CC42EB102}.Debug|x86.Build.0 = Debug|Win32
		{CB87B024-4BEB-41E8-BD07-BA5CC42EB102}.Release|x64.ActiveCfg = Release|x64
		{CB87B024-4BEB-41E8-BD07-BA5CC42EB102}.Release|x64.Build.0 = Release|x64
		{CB87B024-4BEB-41E8-BD07-BA5CC42EB102}.Release|x86.ActiveCfg = Release|Win32
		{CB87B024-4BEB-41E8-BD07-BA5CC42EB102}.Release|x86.Build.0 = Release|Win32
		{7D390A3A-5A97-4688-9693-0522B839AC11}.Debug|x64.ActiveCfg = Debug|x64
		{7D390A3A-5A97-4688-9693-0522B839AC11}.Debug|x64.Build.0 = Debug|x64
		{7D390A3A-5A97-4688-9693-0522B839AC11}.Debug|x86.ActiveCfg = Debug|Win32
		{7D390A3A-5A97-4688-9693-0522B839AC11}.Debug|x86.Build.0 = Debug|Win32
		{7D390A3A-5A97-4688-9693-0522B839AC11}.Release|x64.ActiveCfg = Release|x64
		{7D390A3A-5A97-4688-9693-0522B839AC11}.Release|x64.Build.0 = Release|x64
		{7D390A3A-5A97-4688-9693-0522B839AC11}.Release|x86.ActiveCfg = Release|Win32
		{7D390A3A-5A97-4688-9693-0522B839AC11}.Release|x86.Build.0 = Release|Win32
		{A3651D64-1D8F-4456-800B-91D5914D8AE7}.Debug|x64.ActiveCfg = Debug|x64
		{A3651D64-1D8F-4456-800B-91D5914D8AE7}.Debug|x64.Build.0 = Debug|x64
		{A3651D64-1D8F-4456-800B-91D5914D8AE7}.Debug|x86.ActiveCfg = Debug|Win32
		{A3651D64-1D8F-4456-800B-91D5914D8AE7}.Debug|x86.Build.0 = Debug|Win32
		{A3651D64-1D8F-4456-800B-91D5914D8AE7}.Release|x64.ActiveCfg = Release|x64
		{A3651D64-1D8F-4456-800B-91D5914D8AE7}.Release|x64.Build.0 = Release|x64
		{A3651D64-1D8F-4456-800B-91D5914D8AE7}.Release|x86.ActiveCfg = Release|Win32
		{A3651D64-1D8F-4456-800B-91D5914D8AE7}.Release|x86.Build.0 = Release|Win32
		{D3A020E9-4088-4442-96DE-73E7B2F85099}.Debug|x64.ActiveCfg = Debug|x64
		{D3A020E9-4088-4442-96DE-73E7B2F85099}.Debug|x64.Build.0 = Debug|x64
		{D3A020E9-4088-4442-96DE-73E7B2F85099}.Debug|x86.ActiveCfg = Debug|Win32
		{D3A020E9-4088-4442-96DE-73E7B2F85099}.Debug|x86.Build.0 = Debug|Win32
		{D3A020E9-4088-4442-96DE-73E7B2F85099}.Release|x64.ActiveCfg = Release|x64
		{D3A020E9-4088-4442-96DE-73E7B2F85099}.Release|x64.Build.0 = Release|x64
		{D3A020E9-4088-4442-96DE-73E7B2F85099}.Release|x86.ActiveCfg = Release|Win32
		{D3A020E9-4088-4442-96DE-73E7B2F85099}.Release|x86.Build.0 = Release|Win32
		{1592B472-DA57-4FEF-9F64-009381E20E52}.Debug|x64.ActiveCfg = Debug|x64
		{1592B472-DA57-4FEF-9F64-009381E20E52}.Debug|x64.Build.0 = Debug|x64
		{1592B472-DA57-4FEF-9F64-009381E20E52}.Debug|x86.ActiveCfg = Debug|Win32
		{1592B472-DA57-4FEF-9F64-009381E20E52}.Debug|x86.Build.0 = Debug|Win32
		{1592B472-DA57-4FEF-9F64-009381E20E52}.Release|x64.ActiveCfg = Release|x64
		{1592B472-DA57-4FEF-9F64-009381E20E52}.Release|x64.Build.0 = Release|x64
		{1592B472-DA57-4FEF-9F64-009381E20E52}.Release|x86.ActiveCfg = Release|Win32
		{1592B472-DA57-4FEF-9F64-009381E20E52}.Release|x86.Build.0 = Release|Win32
		{78A9AFC4-9785-491B-83E2-3A944C1CCF5A}.Debug|x64.ActiveCfg = Debug|x64
		{78A9AFC4-9785-491B-83E2-3A944C1CCF5A}.Debug|x64.Build.0 = Debug|x64
		{78A9AFC4-9785-491B-83E2-3A944C1CCF5A}.Debug|x86.ActiveCfg = Debug|Win32
		{78A9AFC4-9785-491B-83E2-3A944C1CCF5A}.Debug|x86.Build.0 = Debug|Win32
		{78A9AFC4-9785-491B-83E2-3A944C1CCF5A}.Release|x64.ActiveCfg = Release|x64
		{78A9AFC4-9785-491B-83E2-3A944C1CCF5A}.Release|x64.Build.0 = Release|x64
		{78A9AFC4-9785-491B-83E2-3A944C1CCF5A}.Release|x86.ActiveCfg = Release|Win32
		{78A9AFC4-9785-491B-83E2-3A944C1CCF5A}.Release|x86.Build.0 = Release|Win32
		{D96B18B1-5CF2-4B9D-9740-5F5A13DD696F}.Debug|x64.ActiveCfg = Debug|x64
		{D96B18B1-5CF2-4B9D-9740-5F5A13DD696F}.Debug|x64.Build.0 = Debug|x64
		{D96B18B1-5CF2-4B9D-9740-5F5A13DD696F}.Debug|x86.ActiveCfg = Debug|Win32
		{D96B18B1-5CF2-4B9D-9740-5F5A13DD696F}.Debug|x86.Build.0 = Debug|Win32
		{D96B18B1-5CF2-4B9D-9740-5F5A13DD696F}.Release|x64.ActiveCfg = Release|x64
		{D96B18B1-5CF2-4B9D-9740-5F5A13DD696F}.Release|x64.Build.0 = Release|x64
		{D96B18B1-5CF2-4B9D-9740-5F5A13DD696F}.Release|x86.ActiveCfg = Release|Win32
		{D96B18B1-5CF2-4B9D-9740-5F5A13DD696F}.Release|x86.Build.0 = Release|Win32
		{B9639CF6-8CA3-4E9E-9FF5-3FD2A31AF406}.Debug|x64.ActiveCfg = Debug|x64
		{B9639CF6-8CA3-4E9E-9FF5-3FD2A31AF406}.Debug|x64.Build.0 = Debug|x64
		{B9639CF6-8CA3-4E9E-9FF5-3FD2A31AF406}.Debug|x86.ActiveCfg = Debug|Win32
		{B9639CF6-8CA3-4E9E-9FF5-3FD2A31AF406}.Debug|x86.Build.0 = Debug|Win32
		{B9639CF6-8CA3-4E9E-9FF5-3FD2A31AF406}.Release|x64.ActiveCfg = Release|x64
		{B9639CF6-8CA3-4E9E-9FF5-3FD2A31AF406}.Release|x64.Build.0 = Release|x64
		{B9639CF6-8CA3-4E9E-9FF5-3FD2A31AF406}.Release|x86.ActiveCfg = Release|Win32
		{B9639CF6-8CA3-4E9E-9FF5-3FD2A31AF406}.Release|x86.Build.0 = Release|Win32
		{9954A212-101B-4DC0-B0BE-2304B7F4EEB9}.Debug|x64.ActiveCfg = Debug|x64
		{9954A212-101B-4DC0-B0BE-2304B7F4EEB9}.Debug|x64.Build.0 = Debug|x64
		{9954A212-101B-4DC0-B0BE-2304B7F4EEB9}.Debug|x86.ActiveCfg = Debug|Win32
		{9954A212-101B-4DC0-B0BE-2304B7F4EEB9}.Debug|x86.Build.0 = Debug|Win32
		{9954A212-101B-4DC0-B0BE-2304B7F4EEB9}.Release|x64.ActiveCfg = Release|x64
		{9954A212-101B-4DC0-B0BE-2304B7F4EEB9}.Release|x64.Build.0 = Release|x64
		{9954A212-101B-4DC0-B0BE-2304B7F4EEB9}.Release|x86.ActiveCfg = Release|Win32
		{9954A212-101B-4DC0-B0BE-2304B7F4EEB9}.Release|x86.Build.0 = Release|Win32
		{47280D7C-EC5D-4ED3-8F4B-8DCF08427CFC}.Debug|x64.ActiveCfg = Debug|x64
		{47280D7C-EC5D-4ED3-8F4B-8DCF08427CFC}.Debug|x64.Build.0 = Debug|x64
		{47280D7C-EC5D-4ED3-8F4B-8DCF08427CFC}.Debug|x86.ActiveCfg = Debug|Win32
		{47280D7C-EC5D-4ED3-8F4B-8DCF08427CFC}.Debug|x86.Build.0 = Debug|Win32
		{47280D7C-EC5D-4ED3-8F4B-8DCF08427CFC}.Release|x64.ActiveCfg = Release|x64
		{47280D7C-EC5D-4ED3-8F4B-8DCF08427CFC}.Release|x64.Build.0 = Release|x64
		{47280D7C-EC5D-4ED3-8F4B-8DCF08427CFC}.Release|x86.ActiveCfg = Release|Win32
		{47280D7C-EC5D-4ED3-8F4B-8DCF08427CFC}.Release|x86.Build.0 = Release|Win32
		{77555903-CBEA-4428-B22F-DB1EB945BBB8}.Debug|x64.ActiveCfg = Debug|x64
		{77555903-CBEA-4428-B22F-DB1EB945BBB8}.Debug|x64.Build.0 = Debug|x64
		{77555903-CBEA-4428-B22F-DB1EB945BBB8}.Debug|x86.ActiveCfg = Debug|Win32
		{77555903-CBEA-4428-B22F-DB1EB945BBB8}.Debug|x86.Build.0 = Debug|Win32
		{77555903-CBEA-4428-B22F-DB1EB945BBB8}.Release|x64.ActiveCfg = Release|x64
		{77555903-CBEA-4428-B22F-DB1EB945BBB8}.Release|x64.Build.0 = Release|x64
		{77555903-CBEA-4428-B22F-DB1EB945BBB8}.Release|x86.ActiveCfg = Release|Win32
		{77555903-CBEA-4428-B22F-DB1EB945BBB8}.Release|x86.Build.0 = Release|Win32
		{58917B5A-8AB8-4F62-B51E-C3C9D38999A8}.Debug|x64.ActiveCfg = Debug|x64
		{58917B5A-8AB8-4F62-B51E-C3C9D38999A8}.Debug|x64.Build.0 = Debug|x64
		{58917B5A-8AB8-4F62-B51E-C3C9D38999A8}.Debug|x86.ActiveCfg = Debug|Win32
		{58917B5A-8AB8-4F62-B51E-C3C9D38999A8}.Debug|x86.Build.0 = Debug|Win32
		{58917B5A-8AB8-4F62-B51E-C3C9D38999A8}.Release|x64.ActiveCfg = Release|x64
		{58917B5A-8AB8-4F62-B51E-C3C9D38999A8}.Release|x64.Build.0 = Release|x64
		{58917B5A-8AB8-4F62-B51E-C3C9D38999A8}.Release|x86.ActiveCfg = Release|Win32
		{58917B5A-8AB8-4F62-B51E-C3C9D38999A8}.Release|x86.Build.0 = Release|Win32
		{0CA69424-77F5-45C5-8F7C-2A999DA1DAA1}.Debug|x64.ActiveCfg = Debug|x64
		{0CA69424-77F5-45C5-8F7C-2A999DA1DAA1}.Debug|x64.Build.0 = Debug|x64
		{0CA69424-77F5-45C5-8F7C-2A999DA1DAA1}.Debug|x86.ActiveCfg = Debug|Win32
		{0CA69424-77F5-45C5-8F7C-2A999DA1DAA1}.Debug|x86.Build.0 = Debug|Win32
		{0CA69424-77F5-45C5-8F7C-2A999DA1DAA1}.Release|x64.ActiveCfg = Release|x64
		{0CA69424-77F5-45C5-8F7C-2A999DA1DAA1}.Release|x64.Build.0 = Release|x64
		{0CA69424-77F5-45C5-8F7C-2A999DA1DAA1}.Release|x86.ActiveCfg = Release|Win32
		{0CA69424-77F5-45C5-8F7C-2A999DA1DAA1}.Release|x86.Build.0 = Release|Win32
		{9163311B-2D3A-4632-84ED-F29DDFF41C08}.Debug|x64.ActiveCfg = Debug|x64
		{9163311B-2D3A-4632-84ED-F29DDFF41C08}.Debug|x64.Build.0 = Debug|x64
		{9163311B-2D3A-4632-84ED-F29DDFF41C08}.Debug|x86.ActiveCfg = Debug|Win32
		{9163311B-2D3A-4632-84ED-F29DDFF41C08}.Debug|x86.Build.0 = Debug|Win32
		{9163311B-2D3A-4632-84ED-F29DDFF41C08}.Release|x64.ActiveCfg = Release|x64
		{9163311B-2D3A-4632-84ED-F29DDFF41C08}.Release|x64.Build.0 = Release|x64
		{9163311B-2D3A-4632-84ED-F29DDFF41C08}.Release|x86.ActiveCfg = Release|Win32
		{9163311B-2D3A-4632-84ED-F29DDFF41C08}.Release|x86.Build.0 = Release|Win32
		{24155AAD-E062-4611-B8D8-E84318A5E8BF}.Debug|x64.ActiveCfg = Debug|x64
		{24155AAD-E062-4611-B8D8-E84318A5E8BF}.Debug|x64.Build.0 = Debug|x64
		{24155AAD-E062-4611-B8D8-E84318A5E8BF}.Debug|x86.ActiveCfg = Debug|Win32
		{24155AAD-E062-4611-B8D8-E84318A5E8BF}.Debug|x86.Build.0 = Debug|Win32
		{24155AAD-E062-4611-B8D8-E84318A5E8BF}.Release|x64.ActiveCfg = Release|x64
		{24155AAD-E062-4611-B8D8-E84318A5E8BF}.Release|x64.Build.0 = Release|x64
		{24155AAD-E062-4611-B8D8-E84318A5E8BF}.Release|x86.ActiveCfg = Release|Win32
		{24155AAD-E062-4611-B8D8-E84318A5E8BF}.Release|x86.Build.0 = Release|Win32
		{0C0C5431-E963-4CCB-AB5B-6109E402499B}.Debug|x64.ActiveCfg = Debug|x64
		{0C0C5431-E963-4CCB-AB5B-6109E402499B}.Debug|x64.Build.0 = Debug|x64
		{0C0C5431-E963-4CCB-AB5B-6109E402499B}.Debug|x86.ActiveCfg = Debug|Win32
		{0C0C5431-E963-4CCB-AB5B-6109E402499B}.Debug|x86.Build.0 = Debug|Win32
		{0C0C5431-E963-4CCB-AB5B-6109E402499B}.Release|x64.ActiveCfg = Release|x64
		{0C0C5431-E963-4CCB-AB5B-6109E402499B}.Release|x64.Build.0 = Release|x64
		{0C0C5431-E963-4CCB-AB5B-6109E402499B}.Release|x86.ActiveCfg = Release|Win32
		{0C0C5431-E963-4CCB-AB5B-6109E402499B}.Release|x86.Build.0 = Release|Win32
		{43B2C182-199C-45E6-A242-6EBDA0CDA45B}.Debug|x64.ActiveCfg = Debug|x64
		{43B2C182-199C-45E6-A242-6EBDA0CDA45B}.Debug|x64.Build.0 = Debug|x64
		{43B2C182-199C-45E6-A242-6EBDA0CDA45B}.Debug|x86.ActiveCfg = Debug|Win32
		{43B2C182-199C-45E6-A242-6EBDA0CDA45B}.Debug|x86.Build.0 = Debug|Win32
		{43B2C182-199C-45E6-A242-6EBDA0CDA45B}.Release|x64.ActiveCfg = Release|x64
		{43B2C182-199C-45E6-A242-6EBDA0CDA45B}.Release|x64.Build.0 = Release|x64
		{43B2C182-199C-45E6-A242-6EBDA0CDA45B}.Release|x86.ActiveCfg = Release|Win32
		{43B2C182-199C-45E6-A242-6EBDA0CDA45B}.Release|x86.Build.0 = Release|Win32
		{A7FCC3D5-2B11-473C-AD79-F5657A5A5C6B}.Debug|x64.ActiveCfg = Debug|x64
		{A7FCC3D5-2B11-473C-AD79-F5657A5A5C6B}.Debug|x64.Build.0 = Debug|x64
		{A7FCC3D5-2B11-473C-AD79-F5657A5A5C6B}.Debug|x86.ActiveCfg = Debug|Win32
		{A7FCC3D5-2B11-473C-AD79-F5657A5A5C6B}.Debug|x86.Build.0 = Debug|Win32
		{A7FCC3D5-2B11-473C-AD79-F5657A5A5C6B}.Release|x64.ActiveCfg = Release|x64
		{A7FCC3D5-2B11-473C-AD79-F5657A5A5C6B}.Release|x64.Build.0 = Release|x64
		{A7FCC3D5-2B11-473C-AD79-F5657A5A5C6B}.Release|x86.ActiveCfg = Release|Win32
		{A7FCC3D5-2B11-473C-AD79-F5657A5A5C6B}.Release|x86.Build.0 = Release|Win32
		{3DBA2F75-CFA8-44AA-91CE-3883317E6B4E}.Debug|x64.ActiveCfg = Debug|x64
		{3DBA2F75-CFA8-44AA-91CE-3883317E6B4E}.Debug|x64.Build.0 = Debug|x64
		{3DBA2F75-CFA8-44AA-91CE-3883317E6B4E}.Debug|x86.ActiveCfg = Debug|Win32
		{3DBA2F75-CFA8-44AA-91CE-3883317E6B4E}.Debug|x86.Build.0 = Debug|Win32
		{3DBA2F75-CFA8-44AA-91CE-3883317E6B4E}.Release|x64.ActiveCfg = Release|x64
		{3DBA2F75-CFA8-44AA-91CE-3883317E6B4E}.Release|x64.Build.0 = Release|x64
		{3DBA2F75-CFA8-44AA-91CE-3883317E6B4E}.Release|x86.ActiveCfg = Release|Win32
		{3DBA2F75-CFA8-44AA-91CE-3883317E6B4E}.Release|x86.Build.0 = Release|Win32
		{C808D50E-2C79-4039-9A02-1BDD74C4B44B}.Debug|x64.ActiveCfg = Debug|x64
		{C808D50E-2C79-4039-9A02-1BDD74C4B44B}.Debug|x64.Build.0 = Debug|x64
		{C808D50E-2C79-4039-9A02-1BDD74C4B44B}.Debug|x86.ActiveCfg = Debug|Win32
		{C808D50E-2C79-4039-9A02-1BDD74C4B44B}.Debug|x86.Build.0 = Debug|Win32
		{C808D50E-2C79-4039-9A02-1BDD74C4B44B}.Release|x64.ActiveCfg = Release|x64
		{C808D50E-2C79-4039-9A02-1BDD74C4B44B}.Release|x64.Build.0 = Release|x64
		{C808D50E-2C79-4039-9A02-1BDD74C4B44B}.Release|x86.ActiveCfg = Release|Win32
		{C808D50E-2C79-4039-9A02-1BDD74C4B44B}.Release|x86.Build.0 = Release|Win32
		{18D0D62D-FBEC-4D9A-B13B-FDEF078E8CE4}.Debug|x64.ActiveCfg = Debug|x64
		{18D0D62D-FBEC-4D9A-B13B-FDEF078E8CE4}.Debug|x64.Build.0 = Debug|x64
		{18D0D62D-FBEC-4D9A-B13B-FDEF078E8CE4}.Debug|x86.ActiveCfg = Debug|Win32
		{18D0D62D-FBEC-4D9A-B13B-FDEF078E8CE4}.Debug|x86.Build.0 = Debug|Win32
		{18D0D62D-FBEC-4D9A-B13B-FDEF078E8CE4}.Release|x64.ActiveCfg = Release|x64
		{18D0D62D-FBEC-4D9A-B13B-FDEF078E8CE4}.Release|x64.Build.0 = Release|x64
		{18D0D62D-FBEC-4D9A-B13B-FDEF078E8CE4}.Release|x86.ActiveCfg = Release|Win32
		{18D0D62D-FBEC-4D9A-B13B-FDEF078E8CE4}.Release|x86.Build.0 = Release|Win32
		{17DCC4A8-002A-4438-A074-A7FB589F6700}.Debug|x64.ActiveCfg = Debug|x64
		{17DCC4A8-002A-4438-A074-A7FB589F6700}.Debug|x64.Build.0 = Debug|x64
		{17DCC4A8-002A-4438-A074-A7FB589F6700}.Debug|x86.ActiveCfg = Debug|Win32
		{17DCC4A8-002A-4438-A074-A7FB589F6700}.Debug|x86.Build.0 = Debug|Win32
		{17DCC4A8-002A-4438-A074-A7FB589F6700}.Release|x64.ActiveCfg = Release|x64
		{17DCC4A8-002A-4438-A074-A7FB589F6700}.Release|x64.Build.0 = Release|x64
		{17DCC4A8-002A-4438-A074-A7FB589F6700}.Release|x86.ActiveCfg = Release|Win32
		{17DCC4A8-002A-4438-A074-A7FB589F6700}.Release|x86.Build.0 = Release|Win32
		{59E654F4-B555-4C74-B05B-33ADA87FB744}.Debug|x64.ActiveCfg = Debug|x64
		{59E654F4-B555-4C74-B05B-33ADA87FB744}.Debug|x64.Build.0 = Debug|x64
		{59E654F4-B555-4C74-B05B-33ADA87FB744}.Debug|x86.ActiveCfg = Debug|Win32
		{59E654F4-B555-4C74-B05B-33ADA87FB744}.Debug|x86.Build.0 = Debug|Win32
		{59E654F4-B555-4C74-B05B-33ADA87FB744}.Release|x64.ActiveCfg = Release|x64
		{59E654F4-B555-4C74-B05B-33ADA87FB744}.Release|x64.Build.0 = Release|x64
		{59E654F4-B555-4C74-B05B-33ADA87FB744}.Release|x86.ActiveCfg = Release|Win32
		{59E654F4-B555-4C74-B05B-33ADA87FB744}.Release|x86.Build.0 = Release|Win32
		{682A1D93-7CA3-4995-AA43-C949CCD0E83B}.Debug|x64.ActiveCfg = Debug|x64
		{682A1D93-7CA3-4995-AA43-C949CCD0E83B}.Debug|x64.Build.0 = Debug|x64
		{682A1D93-7CA3-4995-AA43-C949CCD0E83B}.Debug|x86.ActiveCfg = Debug|Win32
		{682A1D93-7CA3-4995-AA43-C949CCD0E83B}.Debug|x86.Build.0 = Debug|Win32
		{682A1D93-7CA3-4995-AA43-C949CCD0E83B}.Release|x64.ActiveCfg = Release|x64
		{682A1D93-7CA3-4995-AA43-C949CCD0E83B}.Release|x64.Build.0 = Release|x64
		{682A1D93-7CA3-4995-AA43-C949CCD0E83B}.Release|x86.ActiveCfg = Release|Win32
		{682A1D93-7CA3-4995-AA43-C949CCD0E83B}.Release|x86.Build.0 = Release|Win32
		{4ED82FC4-F653-4428-BCD4-99021182E98A}.Debug|x64.ActiveCfg = Debug|x64
		{4ED82FC4-F653-4428-BCD4-99021182E98A}.Debug|x64.Build.0 = Debug|x64
		{4ED82FC4-F653-4428-BCD4-99021182E98A}.Debug|x86.ActiveCfg = Debug|Win32
		{4ED82FC4-F653-4428-BCD4-99021182E98A}.Debug|x86.Build.0 = Debug|Win32
		{4ED82FC4-F653-4428-BCD4-99021182E98A}.Release|x64.ActiveCfg = Release|x64
		{4ED82FC4-F653-4428-BCD4-99021182E98A}.Release|x64.Build.0 = Release|x64
		{4ED82FC4-F653-4428-BCD4-99021182E98A}.Release|x86.ActiveCfg = Release|Win32
		{4ED82FC4-F653-4428-BCD4-99021182E98A}.Release|x86.Build.0 = Release|Win32
		{90C97A71-79D2-4627-B4AD-E02E81EA1181}.Debug|x64.ActiveCfg = Debug|x64
		{90C97A71-79D2-4627-B4AD-E02E81EA1181}.Debug|x64.Build.0 = Debug|x64
		{90C97A71-79D2-4627-B4AD-E02E81EA1181}.Debug|x86.ActiveCfg = Debug|Win32
		{90C97A71-79D2-4627-B4AD-E02E81EA1181}.Debug|x86.Build.0 = Debug|Win32
		{90C97A71-79D2-4627-B4AD-E02E81EA1181}.Release|x64.ActiveCfg = Release|x64
		{90C97A71-79D2-4627-B4AD-E02E81EA1181}.Release|x64.Build.0 = Release|x64
		{90C97A71-79D2-4627-B4AD-E02E81EA1181}.Release|x86.ActiveCfg = Release|Win32
		{90C97A71-79D2-4627-B4AD-E02E81EA1181}.Release|x86.Build.0 = Release|Win32
		{5D24B7D7-DF91-4C7F-889A-21F5819D382F}.Debug|x64.ActiveCfg = Debug|x64
		{5D24B7D7-DF91-4C7F-889A-21F5819D382F}.Debug|x64.Build.0 = Debug|x64
		{5D24B7D7-DF91-4C7F-889A-21F5819D382F}.Debug|x86.ActiveCfg = Debug|Win32
		{5D24B7D7-DF91-4C7F-889A-21F5819D382F}.Debug|x86.Build.0 = Debug|Win32
		{5D24B7D7-DF91-4C7F-889A-21F5819D382F}.Release|x64.ActiveCfg = Release|x64
		{5D24B7D7-DF91-4C7F-889A-21F5819D382F}.Release|x64.Build.0 = Release|x64
		{5D24B7D7-DF91-4C7F-889A-21F5819D382F}.Release|x86.ActiveCfg = Release|Win32
		{5D24B7D7-DF91-4C7F-889A-21F5819D382F}.Release|x86.Build.0 = Release|Win32
		{8651F3E7-6BD7-4659-94D8-8FB72F05B5B6}.Debug|x64.ActiveCfg = Debug|x64
		{8651F3E7-6BD7-4659-94D8-8FB72F05B5B6}.Debug|x64.Build.0 = Debug|x64
		{8651F3E7-6BD7-4659-94D8-8FB72F05B5B6}.Debug|x86.ActiveCfg = Debug|Win32
		{8651F3E7-6BD7-4659-94D8-8FB72F05B5B6}.Debug|x86.Build.0 = Debug|Win32
		{8651F3E7-6BD7-4659-94D8-8FB72F05B5B6}.Release|x64.ActiveCfg = Release|x64
		{8651F3E7-6BD7-4659-94D8-8FB72F05B5B6}.Release|x64.Build.0 = Release|x64
		{8651F3E7-6BD7-4659-94D8-8FB72F05B5B6}.Release|x86.ActiveCfg = Release|Win32
		{8651F3E7-6BD7-4659-94D8-8FB72F05B5B6}.Release|x86.Build.0 = Release|Win32
		{AF6DFBA8-B16A-4D9A-B7C6-758D19DBBF14}.Debug|x64.ActiveCfg = Debug|x64
		{AF6DFBA8-B16A-4D9A-B7C6-758D19DBBF14}.Debug|x64.Build.0 = Debug|x64
		{AF6DFBA8-B16A-4D9A-B7C6-758D19DBBF14}.Debug|x86.ActiveCfg = Debug|Win32
		{AF6DFBA8-B16A-4D9A-B7C6-758D19DBBF14}.Debug|x86.Build.0 = Debug|Win32
		{AF6DFBA8-B16A-4D9A-B7C6-758D19DBBF14}.Release|x64.ActiveCfg = Release|x64
		{AF6DFBA8-B16A-4D9A-B7C6-758D19DBBF14}.Release|x64.Build.0 = Release|x64
		{AF6DFBA8-B16A-4D9A-B7C6-758D19DBBF14}.Release|x86.ActiveCfg = Release|Win32
		{AF6DFBA8-B16A-4D9A-B7C6-758D19DBBF14}.Release|x86.Build.0 = Release|Win32
		{E6D250E6-FAFD-4C3A-ACD4-80427EB335E8}.Debug|x64.ActiveCfg = Debug|x64
		{E6D250E6-FAFD-4C3A-ACD4-80427EB335E8}.Debug|x64.Build.0 = Debug|x64
		{E6D250E6-FAFD-4C3A-ACD4-80427EB335E8}.Debug|x86.ActiveCfg = Debug|Win32
		{E6D250E6-FAFD-4C3A-ACD4-80427EB335E8}.Debug|x86.Build.0 = Debug|Win32
		{E6D250E6-FAFD-4C3A-ACD4-80427EB335E8}.Release|x64.ActiveCfg = Release|x64
		{E6D250E6-FAFD-4C3A-ACD4-80427EB335E8}.Release|x64.Build.0 = Release|x64
		{E6D250E6-FAFD-4C3A-ACD4-80427EB335E8}.Release|x86.ActiveCfg = Release|Win32
		{E6D250E6-FAFD-4C3A-ACD4-80427EB335E8}.Release|x86.Build.0 = Release|Win32
		{2737C22A-9F29-4E75-BE8C-C798E256887E}.Debug|x64.ActiveCfg = Debug|x64
		{2737C22A-9F29-4E75-BE8C-C798E256887E}.Debug|x64.Build.0 = Debug|x64
		{2737C22A-9F29-4E75-BE8C-C798E256887E}.Debug|x86.ActiveCfg = Debug|Win32
		{2737C22A-9F29-4E75-BE8C-C798E256887E}.Debug|x86.Build.0 = Debug|Win32
		{2737C22A-9F29-4E75-BE8C-C798E256887E}.Release|x64.ActiveCfg = Release|x64
		{2737C22A-9F29-4E75-BE8C-C798E256887E}.Release|x64.Build.0 = Release|x64
		{2737C22A-9F29-4E75-BE8C-C798E256887E}.Release|x86.ActiveCfg = Release|Win32
		{2737C22A-9F29-4E75-BE8C-C798E256887E}.Release|x86.Build.0 = Release|Win32
		{4FF001FE-2B60-425B-9199-47BF7E243B8A}.Debug|x64.ActiveCfg = Debug|x64
		{4FF001FE-2B60-425B-9199-47BF7E243B8A}.Debug|x64.Build.0 = Debug|x64
		{4FF001FE-2B60-425B-9199-47BF7E243B8A}.Debug|x86.ActiveCfg = Debug|Win32
		{4FF001FE-2B60-425B-9199-47BF7E243B8A}.Debug|x86.Build.0 = Debug|Win32
		{4FF001FE-2B60-425B-9199-47BF7E243B8A}.Release|x64.ActiveCfg = Release|x64
		{4FF001FE-2B60-425B-9199-47BF7E243B8A}.Release|x64.Build.0 = Release|x64
		{4FF001FE-2B60-425B-9199-47BF7E243B8A}.Release|x86.ActiveCfg = Release|Win32
		{4FF001FE-2B60-425B-9199-47BF7E243B8A}.Release|x86.Build.0 = Release|Win32
		{96974E75-CC99-43D5-A982-44287E44182D}.Debug|x64.ActiveCfg = Debug|x64
		{96974E75-CC99-43D5-A982-44287E44182D}.Debug|x64.Build.0 = Debug|x64
		{96974E75-CC99-43D5-A982-44287E44182D}.Debug|x86.ActiveCfg = Debug|Win32
		{96974E75-CC99-43D5-A982-44287E44182D}.Debug|x86.Build.0 = Debug|Win32
		{96974E75-CC99-43D5-A982-44287E44182D}.Release|x64.ActiveCfg = Release|x64
		{96974E75-CC99-43D5-A982-44287E44182D}.Release|x64.Build.0 = Release|x64
		{96974E75-CC99-43D5-A982-44287E44182D}.Release|x86.ActiveCfg = Release|Win32
		{96974E75-CC99-43D5-A982-44287E44182D}.Release|x86.Build.0 = Release|Win32
		{1B11C206-C855-48FF-970D-69D437EF7C0C}.Debug|x64.ActiveCfg = Debug|x64
		{1B11C206-C855-48FF-970D-69D437EF7C0C}.Debug|x64.Build.0 = Debug|x64
		{1B11C206-C855-48FF-970D-69D437EF7C0C}.Debug|x86.ActiveCfg = Debug|Win32
		{1B11C206-C855-48FF-970D-69D437EF7C0C}.Debug|x86.Build.0 = Debug|Win32
		{1B11C206-C855-48FF-970D-69D437EF7C0C}.Release|x64.ActiveCfg = Release|x64
		{1B11C206-C855-48FF-970D-69D437EF7C0C}.Release|x64.Build.0 = Release|x64
		{1B11C206-C855-48FF-970D-69D437EF7C0C}.Release|x86.ActiveCfg = Release|Win32
		{1B11C206-C855-48FF-970D-69D437EF7C0C}.Release|x86.Build.0 = Release|Win32
		{FC76CB7C-4F7F-40E1-8E10-F282BB07722A}.Debug|x64.ActiveCfg = Debug|x64
		{FC76CB7C-4F7F-40E1-8E10-F282BB07722A}.Debug|x64.Build.0 = Debug|x64
		{FC76CB7C-4F7F-40E1-8E10-F282BB07722A}.Debug|x86.ActiveCfg = Debug|Win32
		{FC76CB7C-4F7F-40E1-8E10-F282BB07722A}.Debug|x86.Build.0 = Debug|Win32
		{FC76CB7C-4F7F-40E1-8E10-F282BB07722A}.Release|x64.ActiveCfg = Release|x64
		{FC76CB7C-4F7F-40E1-8E10-F282BB07722A}.Release|x64.Build.0 = Release|x64
		{FC76CB7C-4F7F-40E1-8E10-F282BB07722A}.Release|x86.ActiveCfg = Release|Win32
		{FC76CB7C-4F7F-40E1-8E10-F282BB07722A}.Release|x86.Build.0 = Release|Win32
	EndGlobalSection
	GlobalSection(SolutionProperties) = preSolution
		HideSolutionNode = FALSE
	EndGlobalSection
	GlobalSection(ExtensibilityGlobals) = postSolution
		SolutionGuid = {77198F8C-11FC-46B4-8D30-57F0681451BE}
	EndGlobalSection
EndGlobal
